// !$*UTF8*$!
{
	archiveVersion = 1;
	classes = {
	};
	objectVersion = 56;
	objects = {

/* Begin PBXBuildFile section */
		8808ECE22BC46F24008A2123 /* UserRelationsTabsContainer.swift in Sources */ = {isa = PBXBuildFile; fileRef = 8808ECE12BC46F24008A2123 /* UserRelationsTabsContainer.swift */; };
		8808ECE42BC470C9008A2123 /* BrowserLayout.swift in Sources */ = {isa = PBXBuildFile; fileRef = 8808ECE32BC470C9008A2123 /* BrowserLayout.swift */; };
		8808ECE62BC47F4E008A2123 /* UserRelationsCoordinator.swift in Sources */ = {isa = PBXBuildFile; fileRef = 8808ECE52BC47F4E008A2123 /* UserRelationsCoordinator.swift */; };
		883D58972BD3126800BFEEF5 /* ActivityRowViewModel.swift in Sources */ = {isa = PBXBuildFile; fileRef = 883D58962BD3126800BFEEF5 /* ActivityRowViewModel.swift */; };
		883F64162BB4E5C700C12811 /* UserLikedPostsView.swift in Sources */ = {isa = PBXBuildFile; fileRef = 883F64152BB4E5C700C12811 /* UserLikedPostsView.swift */; };
		883F64182BB4E5DB00C12811 /* UserLikedPostsViewModel.swift in Sources */ = {isa = PBXBuildFile; fileRef = 883F64172BB4E5DB00C12811 /* UserLikedPostsViewModel.swift */; };
		883F641A2BB4E5EE00C12811 /* UserSavedPostsView.swift in Sources */ = {isa = PBXBuildFile; fileRef = 883F64192BB4E5EE00C12811 /* UserSavedPostsView.swift */; };
		883F641C2BB4E5F600C12811 /* UserSavedPostsViewModel.swift in Sources */ = {isa = PBXBuildFile; fileRef = 883F641B2BB4E5F600C12811 /* UserSavedPostsViewModel.swift */; };
		884826232BAB8FA0000D3E95 /* SettingsLabel.swift in Sources */ = {isa = PBXBuildFile; fileRef = 884826222BAB8FA0000D3E95 /* SettingsLabel.swift */; };
		884826372BABA4B9000D3E95 /* FeedFilter.swift in Sources */ = {isa = PBXBuildFile; fileRef = 884826362BABA4B9000D3E95 /* FeedFilter.swift */; };
		884826392BABAA6C000D3E95 /* AppScreen.swift in Sources */ = {isa = PBXBuildFile; fileRef = 884826382BABAA6C000D3E95 /* AppScreen.swift */; };
		8848263B2BABACEC000D3E95 /* AppScreenRouter.swift in Sources */ = {isa = PBXBuildFile; fileRef = 8848263A2BABACEB000D3E95 /* AppScreenRouter.swift */; };
		8848263D2BABAD08000D3E95 /* ModalScreenRouter.swift in Sources */ = {isa = PBXBuildFile; fileRef = 8848263C2BABAD07000D3E95 /* ModalScreenRouter.swift */; };
		8848263F2BABB559000D3E95 /* NewPostCoordinator.swift in Sources */ = {isa = PBXBuildFile; fileRef = 8848263E2BABB559000D3E95 /* NewPostCoordinator.swift */; };
		88721E932BBC85FD001B609A /* FeedCoordinator.swift in Sources */ = {isa = PBXBuildFile; fileRef = 88721E922BBC85FD001B609A /* FeedCoordinator.swift */; };
		88721E952BBC8724001B609A /* FeedViewRouter.swift in Sources */ = {isa = PBXBuildFile; fileRef = 88721E942BBC8724001B609A /* FeedViewRouter.swift */; };
		88721E982BBC89DA001B609A /* Router.swift in Sources */ = {isa = PBXBuildFile; fileRef = 88721E972BBC89DA001B609A /* Router.swift */; };
		88721E9A2BBC89EA001B609A /* Array+Utilities.swift in Sources */ = {isa = PBXBuildFile; fileRef = 88721E992BBC89EA001B609A /* Array+Utilities.swift */; };
		88721E9E2BBC936A001B609A /* SearchCoordinator.swift in Sources */ = {isa = PBXBuildFile; fileRef = 88721E9D2BBC936A001B609A /* SearchCoordinator.swift */; };
		88721EA02BBC9387001B609A /* SearchViewRouter.swift in Sources */ = {isa = PBXBuildFile; fileRef = 88721E9F2BBC9387001B609A /* SearchViewRouter.swift */; };
		88721EA32BBC949C001B609A /* ActivityViewRouter.swift in Sources */ = {isa = PBXBuildFile; fileRef = 88721EA12BBC949C001B609A /* ActivityViewRouter.swift */; };
		88721EA42BBC949C001B609A /* ActivityCoordinator.swift in Sources */ = {isa = PBXBuildFile; fileRef = 88721EA22BBC949C001B609A /* ActivityCoordinator.swift */; };
		88721EA62BBC9802001B609A /* ProfileViewRouter.swift in Sources */ = {isa = PBXBuildFile; fileRef = 88721EA52BBC9802001B609A /* ProfileViewRouter.swift */; };
		88893C572BA657EB00662718 /* GoogleService-Info.plist in Resources */ = {isa = PBXBuildFile; fileRef = 88893C562BA657EB00662718 /* GoogleService-Info.plist */; };
		8891DAAF2BD558F80028B19B /* UserRepliesView.swift in Sources */ = {isa = PBXBuildFile; fileRef = 8891DAAE2BD558F80028B19B /* UserRepliesView.swift */; };
		8891DAB12BD559090028B19B /* UserRepliesViewModel.swift in Sources */ = {isa = PBXBuildFile; fileRef = 8891DAB02BD559090028B19B /* UserRepliesViewModel.swift */; };
		8891EF412BBE71980001A68C /* FollowingFeedViewModel.swift in Sources */ = {isa = PBXBuildFile; fileRef = 8891EF402BBE71980001A68C /* FollowingFeedViewModel.swift */; };
		8891EF432BBE735D0001A68C /* ForYouFeedView.swift in Sources */ = {isa = PBXBuildFile; fileRef = 8891EF422BBE735D0001A68C /* ForYouFeedView.swift */; };
		8891EF452BBE736B0001A68C /* FollowingFeedView.swift in Sources */ = {isa = PBXBuildFile; fileRef = 8891EF442BBE736B0001A68C /* FollowingFeedView.swift */; };
		8891EF472BBE7E840001A68C /* FeedViewModel.swift in Sources */ = {isa = PBXBuildFile; fileRef = 8891EF462BBE7E840001A68C /* FeedViewModel.swift */; };
		88929B122BB4DBB700BE7079 /* UserPostsView.swift in Sources */ = {isa = PBXBuildFile; fileRef = 88929B112BB4DBB700BE7079 /* UserPostsView.swift */; };
		88929B142BB4DBDC00BE7079 /* UserPostsViewModel.swift in Sources */ = {isa = PBXBuildFile; fileRef = 88929B132BB4DBDC00BE7079 /* UserPostsViewModel.swift */; };
		8895C4DF2BA5F10000F7C28A /* SocialMediaApp.swift in Sources */ = {isa = PBXBuildFile; fileRef = 8895C4DE2BA5F10000F7C28A /* SocialMediaApp.swift */; };
		8895C4E12BA5F10000F7C28A /* ContentView.swift in Sources */ = {isa = PBXBuildFile; fileRef = 8895C4E02BA5F10000F7C28A /* ContentView.swift */; };
		8895C4E32BA5F10100F7C28A /* Assets.xcassets in Resources */ = {isa = PBXBuildFile; fileRef = 8895C4E22BA5F10100F7C28A /* Assets.xcassets */; };
		8895C4E62BA5F10100F7C28A /* Preview Assets.xcassets in Resources */ = {isa = PBXBuildFile; fileRef = 8895C4E52BA5F10100F7C28A /* Preview Assets.xcassets */; };
		8895C4F02BA5F10100F7C28A /* SocialMediaTests.swift in Sources */ = {isa = PBXBuildFile; fileRef = 8895C4EF2BA5F10100F7C28A /* SocialMediaTests.swift */; };
		8895C4FA2BA5F10200F7C28A /* SocialMediaUITests.swift in Sources */ = {isa = PBXBuildFile; fileRef = 8895C4F92BA5F10200F7C28A /* SocialMediaUITests.swift */; };
		8895C4FC2BA5F10200F7C28A /* SocialMediaUITestsLaunchTests.swift in Sources */ = {isa = PBXBuildFile; fileRef = 8895C4FB2BA5F10200F7C28A /* SocialMediaUITestsLaunchTests.swift */; };
		8895C5562BA5F7D800F7C28A /* ProfileTabsContainer.swift in Sources */ = {isa = PBXBuildFile; fileRef = 8895C5552BA5F7D800F7C28A /* ProfileTabsContainer.swift */; };
		8895C55A2BA5F85600F7C28A /* ProfileTabsContentView.swift in Sources */ = {isa = PBXBuildFile; fileRef = 8895C5592BA5F85600F7C28A /* ProfileTabsContentView.swift */; };
		8895C57A2BA6091200F7C28A /* ProfileCoordinator.swift in Sources */ = {isa = PBXBuildFile; fileRef = 8895C5622BA6091200F7C28A /* ProfileCoordinator.swift */; };
		8895C57B2BA6091200F7C28A /* ProfileInputData.swift in Sources */ = {isa = PBXBuildFile; fileRef = 8895C5642BA6091200F7C28A /* ProfileInputData.swift */; };
		8895C57D2BA6091200F7C28A /* ReplyGridItem.swift in Sources */ = {isa = PBXBuildFile; fileRef = 8895C5672BA6091200F7C28A /* ReplyGridItem.swift */; };
		8895C57F2BA6091200F7C28A /* ProfileTabsViewModel.swift in Sources */ = {isa = PBXBuildFile; fileRef = 8895C5692BA6091200F7C28A /* ProfileTabsViewModel.swift */; };
		8895C5802BA6091200F7C28A /* EditableCircularProfileImage.swift in Sources */ = {isa = PBXBuildFile; fileRef = 8895C56B2BA6091200F7C28A /* EditableCircularProfileImage.swift */; };
		8895C5812BA6091200F7C28A /* CircularProfileImageView.swift in Sources */ = {isa = PBXBuildFile; fileRef = 8895C56C2BA6091200F7C28A /* CircularProfileImageView.swift */; };
		8895C5822BA6091200F7C28A /* EditProfileView.swift in Sources */ = {isa = PBXBuildFile; fileRef = 8895C56E2BA6091200F7C28A /* EditProfileView.swift */; };
		8895C5832BA6091200F7C28A /* ProfilePostFilter.swift in Sources */ = {isa = PBXBuildFile; fileRef = 8895C56F2BA6091200F7C28A /* ProfilePostFilter.swift */; };
		8895C5842BA6091200F7C28A /* UserProfileHeader.swift in Sources */ = {isa = PBXBuildFile; fileRef = 8895C5702BA6091200F7C28A /* UserProfileHeader.swift */; };
		8895C5852BA6091200F7C28A /* UserProfileHeaderModel.swift in Sources */ = {isa = PBXBuildFile; fileRef = 8895C5712BA6091200F7C28A /* UserProfileHeaderModel.swift */; };
		8895C5862BA6091200F7C28A /* UserRelationsView.swift in Sources */ = {isa = PBXBuildFile; fileRef = 8895C5732BA6091200F7C28A /* UserRelationsView.swift */; };
		8895C5872BA6091200F7C28A /* UserRelationsViewModel.swift in Sources */ = {isa = PBXBuildFile; fileRef = 8895C5742BA6091200F7C28A /* UserRelationsViewModel.swift */; };
		8895C5882BA6091200F7C28A /* UserRelationType.swift in Sources */ = {isa = PBXBuildFile; fileRef = 8895C5752BA6091200F7C28A /* UserRelationType.swift */; };
		8895C5892BA6091200F7C28A /* CurrentUserProfileHeaderModel.swift in Sources */ = {isa = PBXBuildFile; fileRef = 8895C5772BA6091200F7C28A /* CurrentUserProfileHeaderModel.swift */; };
		8895C5AD2BA60D5D00F7C28A /* SearchRow.swift in Sources */ = {isa = PBXBuildFile; fileRef = 8895C5942BA60D5D00F7C28A /* SearchRow.swift */; };
		8895C5AF2BA60D5D00F7C28A /* PostCategoryDetailView.swift in Sources */ = {isa = PBXBuildFile; fileRef = 8895C5972BA60D5D00F7C28A /* PostCategoryDetailView.swift */; };
		8895C5B12BA60D5D00F7C28A /* PostCategoryViewModel.swift in Sources */ = {isa = PBXBuildFile; fileRef = 8895C5992BA60D5D00F7C28A /* PostCategoryViewModel.swift */; };
		8895C5B52BA60D5D00F7C28A /* PostButton.swift in Sources */ = {isa = PBXBuildFile; fileRef = 8895C59F2BA60D5D00F7C28A /* PostButton.swift */; };
		8895C5B62BA60D5D00F7C28A /* PostButtonGroupView.swift in Sources */ = {isa = PBXBuildFile; fileRef = 8895C5A02BA60D5D00F7C28A /* PostButtonGroupView.swift */; };
		8895C5B72BA60D5D00F7C28A /* PostButtonGroupViewModel.swift in Sources */ = {isa = PBXBuildFile; fileRef = 8895C5A12BA60D5D00F7C28A /* PostButtonGroupViewModel.swift */; };
		8895C5B82BA60D5D00F7C28A /* PostGrid.swift in Sources */ = {isa = PBXBuildFile; fileRef = 8895C5A22BA60D5D00F7C28A /* PostGrid.swift */; };
		8895C5B92BA60D5D00F7C28A /* PostGridItem.swift in Sources */ = {isa = PBXBuildFile; fileRef = 8895C5A32BA60D5D00F7C28A /* PostGridItem.swift */; };
		8895C5C22BA60E1300F7C28A /* PostDetailsViewModel.swift in Sources */ = {isa = PBXBuildFile; fileRef = 8895C5C02BA60E1300F7C28A /* PostDetailsViewModel.swift */; };
		8895C5C32BA60E1300F7C28A /* PostDetailsView.swift in Sources */ = {isa = PBXBuildFile; fileRef = 8895C5C12BA60E1300F7C28A /* PostDetailsView.swift */; };
		8895C5D02BA60FB200F7C28A /* SearchView.swift in Sources */ = {isa = PBXBuildFile; fileRef = 8895C5CD2BA60FB200F7C28A /* SearchView.swift */; };
		8895C5D12BA60FB200F7C28A /* SearchViewModel.swift in Sources */ = {isa = PBXBuildFile; fileRef = 8895C5CE2BA60FB200F7C28A /* SearchViewModel.swift */; };
		8895C5D72BA6102F00F7C28A /* ReplyViewModel.swift in Sources */ = {isa = PBXBuildFile; fileRef = 8895C5D42BA6102F00F7C28A /* ReplyViewModel.swift */; };
		8895C5DB2BA6105200F7C28A /* PostActionSheetOptions.swift in Sources */ = {isa = PBXBuildFile; fileRef = 8895C5D82BA6105200F7C28A /* PostActionSheetOptions.swift */; };
		8895C5DC2BA6105200F7C28A /* PostActionSheetView.swift in Sources */ = {isa = PBXBuildFile; fileRef = 8895C5D92BA6105200F7C28A /* PostActionSheetView.swift */; };
		8895C5EF2BA6121500F7C28A /* AuthTextField.swift in Sources */ = {isa = PBXBuildFile; fileRef = 8895C5DD2BA6121500F7C28A /* AuthTextField.swift */; };
		8895C5F02BA6121500F7C28A /* LoginView.swift in Sources */ = {isa = PBXBuildFile; fileRef = 8895C5DF2BA6121500F7C28A /* LoginView.swift */; };
		8895C5F12BA6121500F7C28A /* LoginViewModel.swift in Sources */ = {isa = PBXBuildFile; fileRef = 8895C5E02BA6121500F7C28A /* LoginViewModel.swift */; };
		8895C5F62BA6121500F7C28A /* RegistrationView.swift in Sources */ = {isa = PBXBuildFile; fileRef = 8895C5E82BA6121500F7C28A /* RegistrationView.swift */; };
		8895C5F72BA6121500F7C28A /* RegistrationViewModel.swift in Sources */ = {isa = PBXBuildFile; fileRef = 8895C5E92BA6121500F7C28A /* RegistrationViewModel.swift */; };
		8895C5F82BA6121500F7C28A /* ResetPasswordView.swift in Sources */ = {isa = PBXBuildFile; fileRef = 8895C5EB2BA6121500F7C28A /* ResetPasswordView.swift */; };
		8895C5F92BA6121500F7C28A /* ResetPasswordViewModel.swift in Sources */ = {isa = PBXBuildFile; fileRef = 8895C5EC2BA6121500F7C28A /* ResetPasswordViewModel.swift */; };
		8895C5FC2BA6127200F7C28A /* ContentViewModel.swift in Sources */ = {isa = PBXBuildFile; fileRef = 8895C5FB2BA6127200F7C28A /* ContentViewModel.swift */; };
		8895C5FE2BA6128500F7C28A /* AppTabView.swift in Sources */ = {isa = PBXBuildFile; fileRef = 8895C5FD2BA6128500F7C28A /* AppTabView.swift */; };
		8895C60E2BA612A400F7C28A /* FeedTabContainer.swift in Sources */ = {isa = PBXBuildFile; fileRef = 8895C6002BA612A400F7C28A /* FeedTabContainer.swift */; };
		8895C60F2BA612A400F7C28A /* ForYouFeedViewModel.swift in Sources */ = {isa = PBXBuildFile; fileRef = 8895C6012BA612A400F7C28A /* ForYouFeedViewModel.swift */; };
		8895C61B2BA612B000F7C28A /* PostEditorView.swift in Sources */ = {isa = PBXBuildFile; fileRef = 8895C6182BA612B000F7C28A /* PostEditorView.swift */; };
		8895C61C2BA612B000F7C28A /* PostEditorViewModel.swift in Sources */ = {isa = PBXBuildFile; fileRef = 8895C6192BA612B000F7C28A /* PostEditorViewModel.swift */; };
		8895C62B2BA6161600F7C28A /* ActivityBadgeView.swift in Sources */ = {isa = PBXBuildFile; fileRef = 8895C6222BA6161600F7C28A /* ActivityBadgeView.swift */; };
		8895C62C2BA6161600F7C28A /* ActivityFilter.swift in Sources */ = {isa = PBXBuildFile; fileRef = 8895C6232BA6161600F7C28A /* ActivityFilter.swift */; };
		8895C62D2BA6161600F7C28A /* ActivityFilterView.swift in Sources */ = {isa = PBXBuildFile; fileRef = 8895C6242BA6161600F7C28A /* ActivityFilterView.swift */; };
		8895C62E2BA6161600F7C28A /* ActivityRowView.swift in Sources */ = {isa = PBXBuildFile; fileRef = 8895C6252BA6161600F7C28A /* ActivityRowView.swift */; };
		8895C6302BA6161600F7C28A /* ActivityView.swift in Sources */ = {isa = PBXBuildFile; fileRef = 8895C6272BA6161600F7C28A /* ActivityView.swift */; };
		8895C6312BA6161600F7C28A /* ActivityViewModel.swift in Sources */ = {isa = PBXBuildFile; fileRef = 8895C6282BA6161600F7C28A /* ActivityViewModel.swift */; };
		8895C6352BA617BB00F7C28A /* AuthError.swift in Sources */ = {isa = PBXBuildFile; fileRef = 8895C6322BA617BB00F7C28A /* AuthError.swift */; };
		8895C6362BA617BB00F7C28A /* AuthScreen.swift in Sources */ = {isa = PBXBuildFile; fileRef = 8895C6332BA617BB00F7C28A /* AuthScreen.swift */; };
		88A64BBB2BA630F80048259D /* PlaceholderText.swift in Sources */ = {isa = PBXBuildFile; fileRef = 88A64BB42BA630F70048259D /* PlaceholderText.swift */; };
		88A64BBE2BA630F80048259D /* AboutView.swift in Sources */ = {isa = PBXBuildFile; fileRef = 88A64BB82BA630F70048259D /* AboutView.swift */; };
		88A64BBF2BA630F80048259D /* FeedbackView.swift in Sources */ = {isa = PBXBuildFile; fileRef = 88A64BB92BA630F80048259D /* FeedbackView.swift */; };
		88A64BC02BA630F80048259D /* AboutSocialMedia.swift in Sources */ = {isa = PBXBuildFile; fileRef = 88A64BBA2BA630F80048259D /* AboutSocialMedia.swift */; };
		88A64BC22BA632380048259D /* SettingsOption.swift in Sources */ = {isa = PBXBuildFile; fileRef = 88A64BC12BA632380048259D /* SettingsOption.swift */; };
		88A64BC42BA632B50048259D /* AppSettings.swift in Sources */ = {isa = PBXBuildFile; fileRef = 88A64BC32BA632B50048259D /* AppSettings.swift */; };
		88A64BC92BA640680048259D /* ReplyView.swift in Sources */ = {isa = PBXBuildFile; fileRef = 88A64BC82BA640680048259D /* ReplyView.swift */; };
		88A6EEAF2BC2E1B4004CD9C9 /* SettingsView.swift in Sources */ = {isa = PBXBuildFile; fileRef = 88A6EEAE2BC2E1B4004CD9C9 /* SettingsView.swift */; };
		88A6EEB32BC356DD004CD9C9 /* SearchItemViewModel.swift in Sources */ = {isa = PBXBuildFile; fileRef = 88A6EEB22BC356DD004CD9C9 /* SearchItemViewModel.swift */; };
		88ADD1942BC0931500146E8B /* ContentCoordinator.swift in Sources */ = {isa = PBXBuildFile; fileRef = 88ADD1932BC0931500146E8B /* ContentCoordinator.swift */; };
		88B50ADF2BB1286B000B1081 /* PostButtonType.swift in Sources */ = {isa = PBXBuildFile; fileRef = 88B50ADE2BB1286B000B1081 /* PostButtonType.swift */; };
		88D20A652BB0ADB700E62054 /* AppSidebarList.swift in Sources */ = {isa = PBXBuildFile; fileRef = 88D20A642BB0ADB600E62054 /* AppSidebarList.swift */; };
		88D20A672BB0AE4D00E62054 /* PrefersTabNavigationEnvironmentKey.swift in Sources */ = {isa = PBXBuildFile; fileRef = 88D20A662BB0AE4D00E62054 /* PrefersTabNavigationEnvironmentKey.swift */; };
		88D20A692BB0AECC00E62054 /* AppDetailColumn.swift in Sources */ = {isa = PBXBuildFile; fileRef = 88D20A682BB0AECC00E62054 /* AppDetailColumn.swift */; };
		88D750492BC45BE6003867A3 /* PreviewProvider.swift in Sources */ = {isa = PBXBuildFile; fileRef = 88D750482BC45BE6003867A3 /* PreviewProvider.swift */; };
		88D750522BC462DA003867A3 /* CategoryFilter.swift in Sources */ = {isa = PBXBuildFile; fileRef = 88D750512BC462DA003867A3 /* CategoryFilter.swift */; };
		88E804772BBDF78600729A3D /* CurrentUserProfileHeader.swift in Sources */ = {isa = PBXBuildFile; fileRef = 88E804762BBDF78600729A3D /* CurrentUserProfileHeader.swift */; };
		88FA979D2BBB5943005E940E /* SearchGrid.swift in Sources */ = {isa = PBXBuildFile; fileRef = 88FA979B2BBB5943005E940E /* SearchGrid.swift */; };
		88FA97A12BBB82CD005E940E /* SearchGridItem.swift in Sources */ = {isa = PBXBuildFile; fileRef = 88FA97A02BBB82CD005E940E /* SearchGridItem.swift */; };
		DD8C2E4F2BCBCFB1001123AF /* SocialMediaUI in Frameworks */ = {isa = PBXBuildFile; productRef = DD8C2E4E2BCBCFB1001123AF /* SocialMediaUI */; };
		DD8C2E502BCBCFB1001123AF /* SocialMediaUI in Embed Frameworks */ = {isa = PBXBuildFile; productRef = DD8C2E4E2BCBCFB1001123AF /* SocialMediaUI */; settings = {ATTRIBUTES = (CodeSignOnCopy, ); }; };
		DD8C2E522BCBD225001123AF /* SocialMediaNetwork in Frameworks */ = {isa = PBXBuildFile; productRef = DD8C2E512BCBD225001123AF /* SocialMediaNetwork */; };
		DD8C2E532BCBD225001123AF /* SocialMediaNetwork in Embed Frameworks */ = {isa = PBXBuildFile; productRef = DD8C2E512BCBD225001123AF /* SocialMediaNetwork */; settings = {ATTRIBUTES = (CodeSignOnCopy, ); }; };
/* End PBXBuildFile section */

/* Begin PBXContainerItemProxy section */
		8895C4EC2BA5F10100F7C28A /* PBXContainerItemProxy */ = {
			isa = PBXContainerItemProxy;
			containerPortal = 8895C4D32BA5F10000F7C28A /* Project object */;
			proxyType = 1;
			remoteGlobalIDString = 8895C4DA2BA5F10000F7C28A;
			remoteInfo = SocialMedia;
		};
		8895C4F62BA5F10200F7C28A /* PBXContainerItemProxy */ = {
			isa = PBXContainerItemProxy;
			containerPortal = 8895C4D32BA5F10000F7C28A /* Project object */;
			proxyType = 1;
			remoteGlobalIDString = 8895C4DA2BA5F10000F7C28A;
			remoteInfo = SocialMedia;
		};
/* End PBXContainerItemProxy section */

/* Begin PBXCopyFilesBuildPhase section */
		8895C5922BA60CE400F7C28A /* Embed Frameworks */ = {
			isa = PBXCopyFilesBuildPhase;
			buildActionMask = 2147483647;
			dstPath = "";
			dstSubfolderSpec = 10;
			files = (
				DD8C2E502BCBCFB1001123AF /* SocialMediaUI in Embed Frameworks */,
				DD8C2E532BCBD225001123AF /* SocialMediaNetwork in Embed Frameworks */,
			);
			name = "Embed Frameworks";
			runOnlyForDeploymentPostprocessing = 0;
		};
/* End PBXCopyFilesBuildPhase section */

/* Begin PBXFileReference section */
		8808ECE12BC46F24008A2123 /* UserRelationsTabsContainer.swift */ = {isa = PBXFileReference; lastKnownFileType = sourcecode.swift; path = UserRelationsTabsContainer.swift; sourceTree = "<group>"; };
		8808ECE32BC470C9008A2123 /* BrowserLayout.swift */ = {isa = PBXFileReference; lastKnownFileType = sourcecode.swift; path = BrowserLayout.swift; sourceTree = "<group>"; };
		8808ECE52BC47F4E008A2123 /* UserRelationsCoordinator.swift */ = {isa = PBXFileReference; lastKnownFileType = sourcecode.swift; path = UserRelationsCoordinator.swift; sourceTree = "<group>"; };
		883D58962BD3126800BFEEF5 /* ActivityRowViewModel.swift */ = {isa = PBXFileReference; lastKnownFileType = sourcecode.swift; path = ActivityRowViewModel.swift; sourceTree = "<group>"; };
		883F64152BB4E5C700C12811 /* UserLikedPostsView.swift */ = {isa = PBXFileReference; lastKnownFileType = sourcecode.swift; path = UserLikedPostsView.swift; sourceTree = "<group>"; };
		883F64172BB4E5DB00C12811 /* UserLikedPostsViewModel.swift */ = {isa = PBXFileReference; lastKnownFileType = sourcecode.swift; path = UserLikedPostsViewModel.swift; sourceTree = "<group>"; };
		883F64192BB4E5EE00C12811 /* UserSavedPostsView.swift */ = {isa = PBXFileReference; lastKnownFileType = sourcecode.swift; path = UserSavedPostsView.swift; sourceTree = "<group>"; };
		883F641B2BB4E5F600C12811 /* UserSavedPostsViewModel.swift */ = {isa = PBXFileReference; lastKnownFileType = sourcecode.swift; path = UserSavedPostsViewModel.swift; sourceTree = "<group>"; };
		884826222BAB8FA0000D3E95 /* SettingsLabel.swift */ = {isa = PBXFileReference; fileEncoding = 4; lastKnownFileType = sourcecode.swift; path = SettingsLabel.swift; sourceTree = "<group>"; };
		884826362BABA4B9000D3E95 /* FeedFilter.swift */ = {isa = PBXFileReference; lastKnownFileType = sourcecode.swift; path = FeedFilter.swift; sourceTree = "<group>"; };
		884826382BABAA6C000D3E95 /* AppScreen.swift */ = {isa = PBXFileReference; fileEncoding = 4; lastKnownFileType = sourcecode.swift; path = AppScreen.swift; sourceTree = "<group>"; };
		8848263A2BABACEB000D3E95 /* AppScreenRouter.swift */ = {isa = PBXFileReference; fileEncoding = 4; lastKnownFileType = sourcecode.swift; path = AppScreenRouter.swift; sourceTree = "<group>"; };
		8848263C2BABAD07000D3E95 /* ModalScreenRouter.swift */ = {isa = PBXFileReference; fileEncoding = 4; lastKnownFileType = sourcecode.swift; path = ModalScreenRouter.swift; sourceTree = "<group>"; };
		8848263E2BABB559000D3E95 /* NewPostCoordinator.swift */ = {isa = PBXFileReference; lastKnownFileType = sourcecode.swift; path = NewPostCoordinator.swift; sourceTree = "<group>"; };
		88721E922BBC85FD001B609A /* FeedCoordinator.swift */ = {isa = PBXFileReference; lastKnownFileType = sourcecode.swift; path = FeedCoordinator.swift; sourceTree = "<group>"; };
		88721E942BBC8724001B609A /* FeedViewRouter.swift */ = {isa = PBXFileReference; lastKnownFileType = sourcecode.swift; path = FeedViewRouter.swift; sourceTree = "<group>"; };
		88721E972BBC89DA001B609A /* Router.swift */ = {isa = PBXFileReference; lastKnownFileType = sourcecode.swift; path = Router.swift; sourceTree = "<group>"; };
		88721E992BBC89EA001B609A /* Array+Utilities.swift */ = {isa = PBXFileReference; lastKnownFileType = sourcecode.swift; path = "Array+Utilities.swift"; sourceTree = "<group>"; };
		88721E9D2BBC936A001B609A /* SearchCoordinator.swift */ = {isa = PBXFileReference; lastKnownFileType = sourcecode.swift; path = SearchCoordinator.swift; sourceTree = "<group>"; };
		88721E9F2BBC9387001B609A /* SearchViewRouter.swift */ = {isa = PBXFileReference; lastKnownFileType = sourcecode.swift; path = SearchViewRouter.swift; sourceTree = "<group>"; };
		88721EA12BBC949C001B609A /* ActivityViewRouter.swift */ = {isa = PBXFileReference; fileEncoding = 4; lastKnownFileType = sourcecode.swift; path = ActivityViewRouter.swift; sourceTree = "<group>"; };
		88721EA22BBC949C001B609A /* ActivityCoordinator.swift */ = {isa = PBXFileReference; fileEncoding = 4; lastKnownFileType = sourcecode.swift; path = ActivityCoordinator.swift; sourceTree = "<group>"; };
		88721EA52BBC9802001B609A /* ProfileViewRouter.swift */ = {isa = PBXFileReference; lastKnownFileType = sourcecode.swift; path = ProfileViewRouter.swift; sourceTree = "<group>"; };
		88893C562BA657EB00662718 /* GoogleService-Info.plist */ = {isa = PBXFileReference; fileEncoding = 4; lastKnownFileType = text.plist.xml; path = "GoogleService-Info.plist"; sourceTree = "<group>"; };
		8891DAAE2BD558F80028B19B /* UserRepliesView.swift */ = {isa = PBXFileReference; lastKnownFileType = sourcecode.swift; path = UserRepliesView.swift; sourceTree = "<group>"; };
		8891DAB02BD559090028B19B /* UserRepliesViewModel.swift */ = {isa = PBXFileReference; lastKnownFileType = sourcecode.swift; path = UserRepliesViewModel.swift; sourceTree = "<group>"; };
		8891EF402BBE71980001A68C /* FollowingFeedViewModel.swift */ = {isa = PBXFileReference; lastKnownFileType = sourcecode.swift; path = FollowingFeedViewModel.swift; sourceTree = "<group>"; };
		8891EF422BBE735D0001A68C /* ForYouFeedView.swift */ = {isa = PBXFileReference; lastKnownFileType = sourcecode.swift; path = ForYouFeedView.swift; sourceTree = "<group>"; };
		8891EF442BBE736B0001A68C /* FollowingFeedView.swift */ = {isa = PBXFileReference; lastKnownFileType = sourcecode.swift; path = FollowingFeedView.swift; sourceTree = "<group>"; };
		8891EF462BBE7E840001A68C /* FeedViewModel.swift */ = {isa = PBXFileReference; lastKnownFileType = sourcecode.swift; path = FeedViewModel.swift; sourceTree = "<group>"; };
		88929B112BB4DBB700BE7079 /* UserPostsView.swift */ = {isa = PBXFileReference; lastKnownFileType = sourcecode.swift; path = UserPostsView.swift; sourceTree = "<group>"; };
		88929B132BB4DBDC00BE7079 /* UserPostsViewModel.swift */ = {isa = PBXFileReference; lastKnownFileType = sourcecode.swift; path = UserPostsViewModel.swift; sourceTree = "<group>"; };
		8895C4DB2BA5F10000F7C28A /* SocialMedia.app */ = {isa = PBXFileReference; explicitFileType = wrapper.application; includeInIndex = 0; path = SocialMedia.app; sourceTree = BUILT_PRODUCTS_DIR; };
		8895C4DE2BA5F10000F7C28A /* SocialMediaApp.swift */ = {isa = PBXFileReference; lastKnownFileType = sourcecode.swift; path = SocialMediaApp.swift; sourceTree = "<group>"; };
		8895C4E02BA5F10000F7C28A /* ContentView.swift */ = {isa = PBXFileReference; lastKnownFileType = sourcecode.swift; path = ContentView.swift; sourceTree = "<group>"; };
		8895C4E22BA5F10100F7C28A /* Assets.xcassets */ = {isa = PBXFileReference; lastKnownFileType = folder.assetcatalog; path = Assets.xcassets; sourceTree = "<group>"; };
		8895C4E52BA5F10100F7C28A /* Preview Assets.xcassets */ = {isa = PBXFileReference; lastKnownFileType = folder.assetcatalog; path = "Preview Assets.xcassets"; sourceTree = "<group>"; };
		8895C4EB2BA5F10100F7C28A /* SocialMediaTests.xctest */ = {isa = PBXFileReference; explicitFileType = wrapper.cfbundle; includeInIndex = 0; path = SocialMediaTests.xctest; sourceTree = BUILT_PRODUCTS_DIR; };
		8895C4EF2BA5F10100F7C28A /* SocialMediaTests.swift */ = {isa = PBXFileReference; lastKnownFileType = sourcecode.swift; path = SocialMediaTests.swift; sourceTree = "<group>"; };
		8895C4F52BA5F10200F7C28A /* SocialMediaUITests.xctest */ = {isa = PBXFileReference; explicitFileType = wrapper.cfbundle; includeInIndex = 0; path = SocialMediaUITests.xctest; sourceTree = BUILT_PRODUCTS_DIR; };
		8895C4F92BA5F10200F7C28A /* SocialMediaUITests.swift */ = {isa = PBXFileReference; lastKnownFileType = sourcecode.swift; path = SocialMediaUITests.swift; sourceTree = "<group>"; };
		8895C4FB2BA5F10200F7C28A /* SocialMediaUITestsLaunchTests.swift */ = {isa = PBXFileReference; lastKnownFileType = sourcecode.swift; path = SocialMediaUITestsLaunchTests.swift; sourceTree = "<group>"; };
		8895C5552BA5F7D800F7C28A /* ProfileTabsContainer.swift */ = {isa = PBXFileReference; fileEncoding = 4; lastKnownFileType = sourcecode.swift; path = ProfileTabsContainer.swift; sourceTree = "<group>"; };
		8895C5592BA5F85600F7C28A /* ProfileTabsContentView.swift */ = {isa = PBXFileReference; fileEncoding = 4; lastKnownFileType = sourcecode.swift; path = ProfileTabsContentView.swift; sourceTree = "<group>"; };
		8895C5622BA6091200F7C28A /* ProfileCoordinator.swift */ = {isa = PBXFileReference; fileEncoding = 4; lastKnownFileType = sourcecode.swift; path = ProfileCoordinator.swift; sourceTree = "<group>"; };
		8895C5642BA6091200F7C28A /* ProfileInputData.swift */ = {isa = PBXFileReference; fileEncoding = 4; lastKnownFileType = sourcecode.swift; path = ProfileInputData.swift; sourceTree = "<group>"; };
		8895C5672BA6091200F7C28A /* ReplyGridItem.swift */ = {isa = PBXFileReference; fileEncoding = 4; lastKnownFileType = sourcecode.swift; path = ReplyGridItem.swift; sourceTree = "<group>"; };
		8895C5692BA6091200F7C28A /* ProfileTabsViewModel.swift */ = {isa = PBXFileReference; fileEncoding = 4; lastKnownFileType = sourcecode.swift; path = ProfileTabsViewModel.swift; sourceTree = "<group>"; };
		8895C56B2BA6091200F7C28A /* EditableCircularProfileImage.swift */ = {isa = PBXFileReference; fileEncoding = 4; lastKnownFileType = sourcecode.swift; path = EditableCircularProfileImage.swift; sourceTree = "<group>"; };
		8895C56C2BA6091200F7C28A /* CircularProfileImageView.swift */ = {isa = PBXFileReference; fileEncoding = 4; lastKnownFileType = sourcecode.swift; path = CircularProfileImageView.swift; sourceTree = "<group>"; };
		8895C56E2BA6091200F7C28A /* EditProfileView.swift */ = {isa = PBXFileReference; fileEncoding = 4; lastKnownFileType = sourcecode.swift; path = EditProfileView.swift; sourceTree = "<group>"; };
		8895C56F2BA6091200F7C28A /* ProfilePostFilter.swift */ = {isa = PBXFileReference; fileEncoding = 4; lastKnownFileType = sourcecode.swift; path = ProfilePostFilter.swift; sourceTree = "<group>"; };
		8895C5702BA6091200F7C28A /* UserProfileHeader.swift */ = {isa = PBXFileReference; fileEncoding = 4; lastKnownFileType = sourcecode.swift; path = UserProfileHeader.swift; sourceTree = "<group>"; };
		8895C5712BA6091200F7C28A /* UserProfileHeaderModel.swift */ = {isa = PBXFileReference; fileEncoding = 4; lastKnownFileType = sourcecode.swift; path = UserProfileHeaderModel.swift; sourceTree = "<group>"; };
		8895C5732BA6091200F7C28A /* UserRelationsView.swift */ = {isa = PBXFileReference; fileEncoding = 4; lastKnownFileType = sourcecode.swift; path = UserRelationsView.swift; sourceTree = "<group>"; };
		8895C5742BA6091200F7C28A /* UserRelationsViewModel.swift */ = {isa = PBXFileReference; fileEncoding = 4; lastKnownFileType = sourcecode.swift; path = UserRelationsViewModel.swift; sourceTree = "<group>"; };
		8895C5752BA6091200F7C28A /* UserRelationType.swift */ = {isa = PBXFileReference; fileEncoding = 4; lastKnownFileType = sourcecode.swift; path = UserRelationType.swift; sourceTree = "<group>"; };
		8895C5772BA6091200F7C28A /* CurrentUserProfileHeaderModel.swift */ = {isa = PBXFileReference; fileEncoding = 4; lastKnownFileType = sourcecode.swift; path = CurrentUserProfileHeaderModel.swift; sourceTree = "<group>"; };
		8895C5942BA60D5D00F7C28A /* SearchRow.swift */ = {isa = PBXFileReference; fileEncoding = 4; lastKnownFileType = sourcecode.swift; path = SearchRow.swift; sourceTree = "<group>"; };
		8895C5972BA60D5D00F7C28A /* PostCategoryDetailView.swift */ = {isa = PBXFileReference; fileEncoding = 4; lastKnownFileType = sourcecode.swift; path = PostCategoryDetailView.swift; sourceTree = "<group>"; };
		8895C5992BA60D5D00F7C28A /* PostCategoryViewModel.swift */ = {isa = PBXFileReference; fileEncoding = 4; lastKnownFileType = sourcecode.swift; path = PostCategoryViewModel.swift; sourceTree = "<group>"; };
		8895C59F2BA60D5D00F7C28A /* PostButton.swift */ = {isa = PBXFileReference; fileEncoding = 4; lastKnownFileType = sourcecode.swift; path = PostButton.swift; sourceTree = "<group>"; };
		8895C5A02BA60D5D00F7C28A /* PostButtonGroupView.swift */ = {isa = PBXFileReference; fileEncoding = 4; lastKnownFileType = sourcecode.swift; path = PostButtonGroupView.swift; sourceTree = "<group>"; };
		8895C5A12BA60D5D00F7C28A /* PostButtonGroupViewModel.swift */ = {isa = PBXFileReference; fileEncoding = 4; lastKnownFileType = sourcecode.swift; path = PostButtonGroupViewModel.swift; sourceTree = "<group>"; };
		8895C5A22BA60D5D00F7C28A /* PostGrid.swift */ = {isa = PBXFileReference; fileEncoding = 4; lastKnownFileType = sourcecode.swift; path = PostGrid.swift; sourceTree = "<group>"; };
		8895C5A32BA60D5D00F7C28A /* PostGridItem.swift */ = {isa = PBXFileReference; fileEncoding = 4; lastKnownFileType = sourcecode.swift; path = PostGridItem.swift; sourceTree = "<group>"; };
		8895C5C02BA60E1300F7C28A /* PostDetailsViewModel.swift */ = {isa = PBXFileReference; fileEncoding = 4; lastKnownFileType = sourcecode.swift; path = PostDetailsViewModel.swift; sourceTree = "<group>"; };
		8895C5C12BA60E1300F7C28A /* PostDetailsView.swift */ = {isa = PBXFileReference; fileEncoding = 4; lastKnownFileType = sourcecode.swift; path = PostDetailsView.swift; sourceTree = "<group>"; };
		8895C5CD2BA60FB200F7C28A /* SearchView.swift */ = {isa = PBXFileReference; fileEncoding = 4; lastKnownFileType = sourcecode.swift; path = SearchView.swift; sourceTree = "<group>"; };
		8895C5CE2BA60FB200F7C28A /* SearchViewModel.swift */ = {isa = PBXFileReference; fileEncoding = 4; lastKnownFileType = sourcecode.swift; path = SearchViewModel.swift; sourceTree = "<group>"; };
		8895C5D42BA6102F00F7C28A /* ReplyViewModel.swift */ = {isa = PBXFileReference; fileEncoding = 4; lastKnownFileType = sourcecode.swift; path = ReplyViewModel.swift; sourceTree = "<group>"; };
		8895C5D82BA6105200F7C28A /* PostActionSheetOptions.swift */ = {isa = PBXFileReference; fileEncoding = 4; lastKnownFileType = sourcecode.swift; path = PostActionSheetOptions.swift; sourceTree = "<group>"; };
		8895C5D92BA6105200F7C28A /* PostActionSheetView.swift */ = {isa = PBXFileReference; fileEncoding = 4; lastKnownFileType = sourcecode.swift; path = PostActionSheetView.swift; sourceTree = "<group>"; };
		8895C5DD2BA6121500F7C28A /* AuthTextField.swift */ = {isa = PBXFileReference; fileEncoding = 4; lastKnownFileType = sourcecode.swift; path = AuthTextField.swift; sourceTree = "<group>"; };
		8895C5DF2BA6121500F7C28A /* LoginView.swift */ = {isa = PBXFileReference; fileEncoding = 4; lastKnownFileType = sourcecode.swift; path = LoginView.swift; sourceTree = "<group>"; };
		8895C5E02BA6121500F7C28A /* LoginViewModel.swift */ = {isa = PBXFileReference; fileEncoding = 4; lastKnownFileType = sourcecode.swift; path = LoginViewModel.swift; sourceTree = "<group>"; };
		8895C5E82BA6121500F7C28A /* RegistrationView.swift */ = {isa = PBXFileReference; fileEncoding = 4; lastKnownFileType = sourcecode.swift; path = RegistrationView.swift; sourceTree = "<group>"; };
		8895C5E92BA6121500F7C28A /* RegistrationViewModel.swift */ = {isa = PBXFileReference; fileEncoding = 4; lastKnownFileType = sourcecode.swift; path = RegistrationViewModel.swift; sourceTree = "<group>"; };
		8895C5EB2BA6121500F7C28A /* ResetPasswordView.swift */ = {isa = PBXFileReference; fileEncoding = 4; lastKnownFileType = sourcecode.swift; path = ResetPasswordView.swift; sourceTree = "<group>"; };
		8895C5EC2BA6121500F7C28A /* ResetPasswordViewModel.swift */ = {isa = PBXFileReference; fileEncoding = 4; lastKnownFileType = sourcecode.swift; path = ResetPasswordViewModel.swift; sourceTree = "<group>"; };
		8895C5FB2BA6127200F7C28A /* ContentViewModel.swift */ = {isa = PBXFileReference; fileEncoding = 4; lastKnownFileType = sourcecode.swift; path = ContentViewModel.swift; sourceTree = "<group>"; };
		8895C5FD2BA6128500F7C28A /* AppTabView.swift */ = {isa = PBXFileReference; fileEncoding = 4; lastKnownFileType = sourcecode.swift; path = AppTabView.swift; sourceTree = "<group>"; };
		8895C6002BA612A400F7C28A /* FeedTabContainer.swift */ = {isa = PBXFileReference; fileEncoding = 4; lastKnownFileType = sourcecode.swift; path = FeedTabContainer.swift; sourceTree = "<group>"; };
		8895C6012BA612A400F7C28A /* ForYouFeedViewModel.swift */ = {isa = PBXFileReference; fileEncoding = 4; lastKnownFileType = sourcecode.swift; path = ForYouFeedViewModel.swift; sourceTree = "<group>"; };
		8895C6182BA612B000F7C28A /* PostEditorView.swift */ = {isa = PBXFileReference; fileEncoding = 4; lastKnownFileType = sourcecode.swift; path = PostEditorView.swift; sourceTree = "<group>"; };
		8895C6192BA612B000F7C28A /* PostEditorViewModel.swift */ = {isa = PBXFileReference; fileEncoding = 4; lastKnownFileType = sourcecode.swift; path = PostEditorViewModel.swift; sourceTree = "<group>"; };
		8895C6222BA6161600F7C28A /* ActivityBadgeView.swift */ = {isa = PBXFileReference; fileEncoding = 4; lastKnownFileType = sourcecode.swift; path = ActivityBadgeView.swift; sourceTree = "<group>"; };
		8895C6232BA6161600F7C28A /* ActivityFilter.swift */ = {isa = PBXFileReference; fileEncoding = 4; lastKnownFileType = sourcecode.swift; path = ActivityFilter.swift; sourceTree = "<group>"; };
		8895C6242BA6161600F7C28A /* ActivityFilterView.swift */ = {isa = PBXFileReference; fileEncoding = 4; lastKnownFileType = sourcecode.swift; path = ActivityFilterView.swift; sourceTree = "<group>"; };
		8895C6252BA6161600F7C28A /* ActivityRowView.swift */ = {isa = PBXFileReference; fileEncoding = 4; lastKnownFileType = sourcecode.swift; path = ActivityRowView.swift; sourceTree = "<group>"; };
		8895C6272BA6161600F7C28A /* ActivityView.swift */ = {isa = PBXFileReference; fileEncoding = 4; lastKnownFileType = sourcecode.swift; path = ActivityView.swift; sourceTree = "<group>"; };
		8895C6282BA6161600F7C28A /* ActivityViewModel.swift */ = {isa = PBXFileReference; fileEncoding = 4; lastKnownFileType = sourcecode.swift; path = ActivityViewModel.swift; sourceTree = "<group>"; };
		8895C6322BA617BB00F7C28A /* AuthError.swift */ = {isa = PBXFileReference; fileEncoding = 4; lastKnownFileType = sourcecode.swift; path = AuthError.swift; sourceTree = "<group>"; };
		8895C6332BA617BB00F7C28A /* AuthScreen.swift */ = {isa = PBXFileReference; fileEncoding = 4; lastKnownFileType = sourcecode.swift; path = AuthScreen.swift; sourceTree = "<group>"; };
		88A64BB42BA630F70048259D /* PlaceholderText.swift */ = {isa = PBXFileReference; fileEncoding = 4; lastKnownFileType = sourcecode.swift; path = PlaceholderText.swift; sourceTree = "<group>"; };
		88A64BB82BA630F70048259D /* AboutView.swift */ = {isa = PBXFileReference; fileEncoding = 4; lastKnownFileType = sourcecode.swift; path = AboutView.swift; sourceTree = "<group>"; };
		88A64BB92BA630F80048259D /* FeedbackView.swift */ = {isa = PBXFileReference; fileEncoding = 4; lastKnownFileType = sourcecode.swift; path = FeedbackView.swift; sourceTree = "<group>"; };
		88A64BBA2BA630F80048259D /* AboutSocialMedia.swift */ = {isa = PBXFileReference; fileEncoding = 4; lastKnownFileType = sourcecode.swift; path = AboutSocialMedia.swift; sourceTree = "<group>"; };
		88A64BC12BA632380048259D /* SettingsOption.swift */ = {isa = PBXFileReference; fileEncoding = 4; lastKnownFileType = sourcecode.swift; path = SettingsOption.swift; sourceTree = "<group>"; };
		88A64BC32BA632B50048259D /* AppSettings.swift */ = {isa = PBXFileReference; fileEncoding = 4; lastKnownFileType = sourcecode.swift; path = AppSettings.swift; sourceTree = "<group>"; };
		88A64BC82BA640680048259D /* ReplyView.swift */ = {isa = PBXFileReference; lastKnownFileType = sourcecode.swift; path = ReplyView.swift; sourceTree = "<group>"; };
		88A6EEAE2BC2E1B4004CD9C9 /* SettingsView.swift */ = {isa = PBXFileReference; lastKnownFileType = sourcecode.swift; path = SettingsView.swift; sourceTree = "<group>"; };
		88A6EEB22BC356DD004CD9C9 /* SearchItemViewModel.swift */ = {isa = PBXFileReference; lastKnownFileType = sourcecode.swift; path = SearchItemViewModel.swift; sourceTree = "<group>"; };
		88ADD1932BC0931500146E8B /* ContentCoordinator.swift */ = {isa = PBXFileReference; lastKnownFileType = sourcecode.swift; path = ContentCoordinator.swift; sourceTree = "<group>"; };
		88B50ADE2BB1286B000B1081 /* PostButtonType.swift */ = {isa = PBXFileReference; lastKnownFileType = sourcecode.swift; path = PostButtonType.swift; sourceTree = "<group>"; };
		88D20A642BB0ADB600E62054 /* AppSidebarList.swift */ = {isa = PBXFileReference; fileEncoding = 4; lastKnownFileType = sourcecode.swift; path = AppSidebarList.swift; sourceTree = "<group>"; };
		88D20A662BB0AE4D00E62054 /* PrefersTabNavigationEnvironmentKey.swift */ = {isa = PBXFileReference; fileEncoding = 4; lastKnownFileType = sourcecode.swift; path = PrefersTabNavigationEnvironmentKey.swift; sourceTree = "<group>"; };
		88D20A682BB0AECC00E62054 /* AppDetailColumn.swift */ = {isa = PBXFileReference; fileEncoding = 4; lastKnownFileType = sourcecode.swift; path = AppDetailColumn.swift; sourceTree = "<group>"; };
		88D20A6A2BB0D60B00E62054 /* SocialMedia.entitlements */ = {isa = PBXFileReference; lastKnownFileType = text.plist.entitlements; path = SocialMedia.entitlements; sourceTree = "<group>"; };
		88D750482BC45BE6003867A3 /* PreviewProvider.swift */ = {isa = PBXFileReference; lastKnownFileType = sourcecode.swift; path = PreviewProvider.swift; sourceTree = "<group>"; };
		88D7504D2BC45D9C003867A3 /* Info.plist */ = {isa = PBXFileReference; lastKnownFileType = text.plist; path = Info.plist; sourceTree = "<group>"; };
		88D750512BC462DA003867A3 /* CategoryFilter.swift */ = {isa = PBXFileReference; lastKnownFileType = sourcecode.swift; path = CategoryFilter.swift; sourceTree = "<group>"; };
		88E804762BBDF78600729A3D /* CurrentUserProfileHeader.swift */ = {isa = PBXFileReference; lastKnownFileType = sourcecode.swift; path = CurrentUserProfileHeader.swift; sourceTree = "<group>"; };
		88FA979B2BBB5943005E940E /* SearchGrid.swift */ = {isa = PBXFileReference; fileEncoding = 4; lastKnownFileType = sourcecode.swift; path = SearchGrid.swift; sourceTree = "<group>"; };
		88FA97A02BBB82CD005E940E /* SearchGridItem.swift */ = {isa = PBXFileReference; lastKnownFileType = sourcecode.swift; path = SearchGridItem.swift; sourceTree = "<group>"; };
		DD8C2E4C2BCBCF0F001123AF /* SocialMediaNetwork */ = {isa = PBXFileReference; lastKnownFileType = wrapper; path = SocialMediaNetwork; sourceTree = "<group>"; };
		DD8C2E4D2BCBCF74001123AF /* SocialMediaUI */ = {isa = PBXFileReference; lastKnownFileType = wrapper; path = SocialMediaUI; sourceTree = "<group>"; };
/* End PBXFileReference section */

/* Begin PBXFrameworksBuildPhase section */
		8895C4D82BA5F10000F7C28A /* Frameworks */ = {
			isa = PBXFrameworksBuildPhase;
			buildActionMask = 2147483647;
			files = (
				DD8C2E4F2BCBCFB1001123AF /* SocialMediaUI in Frameworks */,
				DD8C2E522BCBD225001123AF /* SocialMediaNetwork in Frameworks */,
			);
			runOnlyForDeploymentPostprocessing = 0;
		};
		8895C4E82BA5F10100F7C28A /* Frameworks */ = {
			isa = PBXFrameworksBuildPhase;
			buildActionMask = 2147483647;
			files = (
			);
			runOnlyForDeploymentPostprocessing = 0;
		};
		8895C4F22BA5F10200F7C28A /* Frameworks */ = {
			isa = PBXFrameworksBuildPhase;
			buildActionMask = 2147483647;
			files = (
			);
			runOnlyForDeploymentPostprocessing = 0;
		};
/* End PBXFrameworksBuildPhase section */

/* Begin PBXGroup section */
		884826332BABA3BF000D3E95 /* Model */ = {
			isa = PBXGroup;
			children = (
				88A64BC32BA632B50048259D /* AppSettings.swift */,
				88A64BBA2BA630F80048259D /* AboutSocialMedia.swift */,
				88A64BC12BA632380048259D /* SettingsOption.swift */,
			);
			path = Model;
			sourceTree = "<group>";
		};
		884826342BABA43A000D3E95 /* Subview */ = {
			isa = PBXGroup;
			children = (
				8895C6222BA6161600F7C28A /* ActivityBadgeView.swift */,
				8895C6242BA6161600F7C28A /* ActivityFilterView.swift */,
				8895C6232BA6161600F7C28A /* ActivityFilter.swift */,
				8895C6252BA6161600F7C28A /* ActivityRowView.swift */,
				883D58962BD3126800BFEEF5 /* ActivityRowViewModel.swift */,
			);
			path = Subview;
			sourceTree = "<group>";
		};
		884826352BABA491000D3E95 /* Subviews */ = {
			isa = PBXGroup;
			children = (
				884826362BABA4B9000D3E95 /* FeedFilter.swift */,
			);
			path = Subviews;
			sourceTree = "<group>";
		};
		88721E962BBC89C2001B609A /* Router */ = {
			isa = PBXGroup;
			children = (
				88721E972BBC89DA001B609A /* Router.swift */,
				88721E992BBC89EA001B609A /* Array+Utilities.swift */,
			);
			path = Router;
			sourceTree = "<group>";
		};
		88929B152BB4DC3E00BE7079 /* ProfileTabViews */ = {
			isa = PBXGroup;
			children = (
				88929B112BB4DBB700BE7079 /* UserPostsView.swift */,
				88929B132BB4DBDC00BE7079 /* UserPostsViewModel.swift */,
				8891DAAE2BD558F80028B19B /* UserRepliesView.swift */,
				8891DAB02BD559090028B19B /* UserRepliesViewModel.swift */,
				883F64152BB4E5C700C12811 /* UserLikedPostsView.swift */,
				883F64172BB4E5DB00C12811 /* UserLikedPostsViewModel.swift */,
				883F64192BB4E5EE00C12811 /* UserSavedPostsView.swift */,
				883F641B2BB4E5F600C12811 /* UserSavedPostsViewModel.swift */,
			);
			path = ProfileTabViews;
			sourceTree = "<group>";
		};
		8895C4D22BA5F10000F7C28A = {
			isa = PBXGroup;
			children = (
				8895C4DD2BA5F10000F7C28A /* SocialMedia */,
				8895C4EE2BA5F10100F7C28A /* SocialMediaTests */,
				8895C4F82BA5F10200F7C28A /* SocialMediaUITests */,
				DD8C2E4D2BCBCF74001123AF /* SocialMediaUI */,
				DD8C2E4C2BCBCF0F001123AF /* SocialMediaNetwork */,
				8895C4DC2BA5F10000F7C28A /* Products */,
				8895C58E2BA60CE400F7C28A /* Frameworks */,
			);
			sourceTree = "<group>";
		};
		8895C4DC2BA5F10000F7C28A /* Products */ = {
			isa = PBXGroup;
			children = (
				8895C4DB2BA5F10000F7C28A /* SocialMedia.app */,
				8895C4EB2BA5F10100F7C28A /* SocialMediaTests.xctest */,
				8895C4F52BA5F10200F7C28A /* SocialMediaUITests.xctest */,
			);
			name = Products;
			sourceTree = "<group>";
		};
		8895C4DD2BA5F10000F7C28A /* SocialMedia */ = {
			isa = PBXGroup;
			children = (
				88D7504D2BC45D9C003867A3 /* Info.plist */,
				88D20A6A2BB0D60B00E62054 /* SocialMedia.entitlements */,
				8895C4DE2BA5F10000F7C28A /* SocialMediaApp.swift */,
				8895C5FA2BA6126A00F7C28A /* Navigation */,
				8895C5EE2BA6121500F7C28A /* Authentication */,
				8895C6022BA612A400F7C28A /* Feed */,
				8895C5D22BA6102100F7C28A /* Post */,
				8895C5782BA6091200F7C28A /* Profile */,
				8895C5CF2BA60FB200F7C28A /* Search */,
				8895C6292BA6161600F7C28A /* Activity */,
				8895C63A2BA6247500F7C28A /* Settings */,
				8895C58A2BA6091700F7C28A /* General */,
				8895C5C42BA60E8100F7C28A /* Resources */,
			);
			path = SocialMedia;
			sourceTree = "<group>";
		};
		8895C4E42BA5F10100F7C28A /* Preview Content */ = {
			isa = PBXGroup;
			children = (
				8895C4E52BA5F10100F7C28A /* Preview Assets.xcassets */,
			);
			path = "Preview Content";
			sourceTree = "<group>";
		};
		8895C4EE2BA5F10100F7C28A /* SocialMediaTests */ = {
			isa = PBXGroup;
			children = (
				8895C4EF2BA5F10100F7C28A /* SocialMediaTests.swift */,
			);
			path = SocialMediaTests;
			sourceTree = "<group>";
		};
		8895C4F82BA5F10200F7C28A /* SocialMediaUITests */ = {
			isa = PBXGroup;
			children = (
				8895C4F92BA5F10200F7C28A /* SocialMediaUITests.swift */,
				8895C4FB2BA5F10200F7C28A /* SocialMediaUITestsLaunchTests.swift */,
			);
			path = SocialMediaUITests;
			sourceTree = "<group>";
		};
		8895C5652BA6091200F7C28A /* Model */ = {
			isa = PBXGroup;
			children = (
				8895C5642BA6091200F7C28A /* ProfileInputData.swift */,
			);
			path = Model;
			sourceTree = "<group>";
		};
		8895C56A2BA6091200F7C28A /* Subviews */ = {
			isa = PBXGroup;
			children = (
				8895C56B2BA6091200F7C28A /* EditableCircularProfileImage.swift */,
				8895C56C2BA6091200F7C28A /* CircularProfileImageView.swift */,
				8895C5672BA6091200F7C28A /* ReplyGridItem.swift */,
			);
			path = Subviews;
			sourceTree = "<group>";
		};
		8895C5722BA6091200F7C28A /* UserProfileHeader */ = {
			isa = PBXGroup;
			children = (
				88E804762BBDF78600729A3D /* CurrentUserProfileHeader.swift */,
				8895C5772BA6091200F7C28A /* CurrentUserProfileHeaderModel.swift */,
				8895C5702BA6091200F7C28A /* UserProfileHeader.swift */,
				8895C5712BA6091200F7C28A /* UserProfileHeaderModel.swift */,
			);
			path = UserProfileHeader;
			sourceTree = "<group>";
		};
		8895C5762BA6091200F7C28A /* UserRelations */ = {
			isa = PBXGroup;
			children = (
				8808ECE52BC47F4E008A2123 /* UserRelationsCoordinator.swift */,
				8808ECE12BC46F24008A2123 /* UserRelationsTabsContainer.swift */,
				8895C5732BA6091200F7C28A /* UserRelationsView.swift */,
				8895C5742BA6091200F7C28A /* UserRelationsViewModel.swift */,
				8895C5752BA6091200F7C28A /* UserRelationType.swift */,
			);
			path = UserRelations;
			sourceTree = "<group>";
		};
		8895C5782BA6091200F7C28A /* Profile */ = {
			isa = PBXGroup;
			children = (
				8895C5622BA6091200F7C28A /* ProfileCoordinator.swift */,
				88721EA52BBC9802001B609A /* ProfileViewRouter.swift */,
				8895C5552BA5F7D800F7C28A /* ProfileTabsContainer.swift */,
				8895C5592BA5F85600F7C28A /* ProfileTabsContentView.swift */,
				8895C5692BA6091200F7C28A /* ProfileTabsViewModel.swift */,
				8895C56E2BA6091200F7C28A /* EditProfileView.swift */,
				8895C56F2BA6091200F7C28A /* ProfilePostFilter.swift */,
				8895C5722BA6091200F7C28A /* UserProfileHeader */,
				88929B152BB4DC3E00BE7079 /* ProfileTabViews */,
				8895C5762BA6091200F7C28A /* UserRelations */,
				8895C5652BA6091200F7C28A /* Model */,
				8895C56A2BA6091200F7C28A /* Subviews */,
			);
			path = Profile;
			sourceTree = "<group>";
		};
		8895C58A2BA6091700F7C28A /* General */ = {
			isa = PBXGroup;
			children = (
				88D750482BC45BE6003867A3 /* PreviewProvider.swift */,
				8891EF462BBE7E840001A68C /* FeedViewModel.swift */,
				8808ECE32BC470C9008A2123 /* BrowserLayout.swift */,
				88721E962BBC89C2001B609A /* Router */,
			);
			path = General;
			sourceTree = "<group>";
		};
		8895C58E2BA60CE400F7C28A /* Frameworks */ = {
			isa = PBXGroup;
			children = (
			);
			name = Frameworks;
			sourceTree = "<group>";
		};
		8895C59A2BA60D5D00F7C28A /* PostCategory */ = {
			isa = PBXGroup;
			children = (
				8895C5972BA60D5D00F7C28A /* PostCategoryDetailView.swift */,
				8895C5992BA60D5D00F7C28A /* PostCategoryViewModel.swift */,
				88D750512BC462DA003867A3 /* CategoryFilter.swift */,
			);
			path = PostCategory;
			sourceTree = "<group>";
		};
		8895C5A42BA60D5D00F7C28A /* Components */ = {
			isa = PBXGroup;
			children = (
				8895C5A32BA60D5D00F7C28A /* PostGridItem.swift */,
				8895C5A02BA60D5D00F7C28A /* PostButtonGroupView.swift */,
				8895C5A12BA60D5D00F7C28A /* PostButtonGroupViewModel.swift */,
				88B50ADE2BB1286B000B1081 /* PostButtonType.swift */,
				8895C59F2BA60D5D00F7C28A /* PostButton.swift */,
			);
			path = Components;
			sourceTree = "<group>";
		};
		8895C5BF2BA60E0A00F7C28A /* PostDetail */ = {
			isa = PBXGroup;
			children = (
				8895C5C12BA60E1300F7C28A /* PostDetailsView.swift */,
				8895C5C02BA60E1300F7C28A /* PostDetailsViewModel.swift */,
			);
			path = PostDetail;
			sourceTree = "<group>";
		};
		8895C5C42BA60E8100F7C28A /* Resources */ = {
			isa = PBXGroup;
			children = (
				88893C562BA657EB00662718 /* GoogleService-Info.plist */,
				8895C4E22BA5F10100F7C28A /* Assets.xcassets */,
				8895C4E42BA5F10100F7C28A /* Preview Content */,
			);
			path = Resources;
			sourceTree = "<group>";
		};
		8895C5CF2BA60FB200F7C28A /* Search */ = {
			isa = PBXGroup;
			children = (
				88721E9D2BBC936A001B609A /* SearchCoordinator.swift */,
				88721E9F2BBC9387001B609A /* SearchViewRouter.swift */,
				8895C5CD2BA60FB200F7C28A /* SearchView.swift */,
				8895C5CE2BA60FB200F7C28A /* SearchViewModel.swift */,
				88FA979B2BBB5943005E940E /* SearchGrid.swift */,
				88FA97A02BBB82CD005E940E /* SearchGridItem.swift */,
				8895C5942BA60D5D00F7C28A /* SearchRow.swift */,
				88A6EEB22BC356DD004CD9C9 /* SearchItemViewModel.swift */,
			);
			path = Search;
			sourceTree = "<group>";
		};
		8895C5D22BA6102100F7C28A /* Post */ = {
			isa = PBXGroup;
			children = (
				8895C5A22BA60D5D00F7C28A /* PostGrid.swift */,
				8895C61A2BA612B000F7C28A /* PostEditor */,
				8895C5BF2BA60E0A00F7C28A /* PostDetail */,
				88A64BC52BA63F8D0048259D /* PostReplies */,
				8895C59A2BA60D5D00F7C28A /* PostCategory */,
				8895C5A42BA60D5D00F7C28A /* Components */,
				8895C5DA2BA6105200F7C28A /* PostActionSheet */,
			);
			path = Post;
			sourceTree = "<group>";
		};
		8895C5DA2BA6105200F7C28A /* PostActionSheet */ = {
			isa = PBXGroup;
			children = (
				8895C5D82BA6105200F7C28A /* PostActionSheetOptions.swift */,
				8895C5D92BA6105200F7C28A /* PostActionSheetView.swift */,
			);
			path = PostActionSheet;
			sourceTree = "<group>";
		};
		8895C5DE2BA6121500F7C28A /* Components */ = {
			isa = PBXGroup;
			children = (
				8895C5DD2BA6121500F7C28A /* AuthTextField.swift */,
			);
			path = Components;
			sourceTree = "<group>";
		};
		8895C5E12BA6121500F7C28A /* Login */ = {
			isa = PBXGroup;
			children = (
				8895C5DF2BA6121500F7C28A /* LoginView.swift */,
				8895C5E02BA6121500F7C28A /* LoginViewModel.swift */,
			);
			path = Login;
			sourceTree = "<group>";
		};
		8895C5EA2BA6121500F7C28A /* Register */ = {
			isa = PBXGroup;
			children = (
				8895C5E82BA6121500F7C28A /* RegistrationView.swift */,
				8895C5E92BA6121500F7C28A /* RegistrationViewModel.swift */,
			);
			path = Register;
			sourceTree = "<group>";
		};
		8895C5ED2BA6121500F7C28A /* Reset Password */ = {
			isa = PBXGroup;
			children = (
				8895C5EB2BA6121500F7C28A /* ResetPasswordView.swift */,
				8895C5EC2BA6121500F7C28A /* ResetPasswordViewModel.swift */,
			);
			path = "Reset Password";
			sourceTree = "<group>";
		};
		8895C5EE2BA6121500F7C28A /* Authentication */ = {
			isa = PBXGroup;
			children = (
				8895C5DE2BA6121500F7C28A /* Components */,
				8895C5E12BA6121500F7C28A /* Login */,
				8895C5EA2BA6121500F7C28A /* Register */,
				8895C5ED2BA6121500F7C28A /* Reset Password */,
				8895C6342BA617BB00F7C28A /* Model */,
			);
			path = Authentication;
			sourceTree = "<group>";
		};
		8895C5FA2BA6126A00F7C28A /* Navigation */ = {
			isa = PBXGroup;
			children = (
				88ADD1932BC0931500146E8B /* ContentCoordinator.swift */,
				8895C4E02BA5F10000F7C28A /* ContentView.swift */,
				8895C5FB2BA6127200F7C28A /* ContentViewModel.swift */,
				884826382BABAA6C000D3E95 /* AppScreen.swift */,
				8895C5FD2BA6128500F7C28A /* AppTabView.swift */,
				88D20A642BB0ADB600E62054 /* AppSidebarList.swift */,
				88D20A682BB0AECC00E62054 /* AppDetailColumn.swift */,
				8848263A2BABACEB000D3E95 /* AppScreenRouter.swift */,
				8848263C2BABAD07000D3E95 /* ModalScreenRouter.swift */,
				88D20A662BB0AE4D00E62054 /* PrefersTabNavigationEnvironmentKey.swift */,
			);
			path = Navigation;
			sourceTree = "<group>";
		};
		8895C6022BA612A400F7C28A /* Feed */ = {
			isa = PBXGroup;
			children = (
				88721E922BBC85FD001B609A /* FeedCoordinator.swift */,
				88721E942BBC8724001B609A /* FeedViewRouter.swift */,
				8895C6002BA612A400F7C28A /* FeedTabContainer.swift */,
				8891EF422BBE735D0001A68C /* ForYouFeedView.swift */,
				8895C6012BA612A400F7C28A /* ForYouFeedViewModel.swift */,
				8891EF442BBE736B0001A68C /* FollowingFeedView.swift */,
				8891EF402BBE71980001A68C /* FollowingFeedViewModel.swift */,
				884826352BABA491000D3E95 /* Subviews */,
			);
			path = Feed;
			sourceTree = "<group>";
		};
		8895C61A2BA612B000F7C28A /* PostEditor */ = {
			isa = PBXGroup;
			children = (
				8848263E2BABB559000D3E95 /* NewPostCoordinator.swift */,
				8895C6182BA612B000F7C28A /* PostEditorView.swift */,
				8895C6192BA612B000F7C28A /* PostEditorViewModel.swift */,
			);
			path = PostEditor;
			sourceTree = "<group>";
		};
		8895C6292BA6161600F7C28A /* Activity */ = {
			isa = PBXGroup;
			children = (
				88721EA22BBC949C001B609A /* ActivityCoordinator.swift */,
				88721EA12BBC949C001B609A /* ActivityViewRouter.swift */,
				8895C6272BA6161600F7C28A /* ActivityView.swift */,
				8895C6282BA6161600F7C28A /* ActivityViewModel.swift */,
				884826342BABA43A000D3E95 /* Subview */,
			);
			path = Activity;
			sourceTree = "<group>";
		};
		8895C6342BA617BB00F7C28A /* Model */ = {
			isa = PBXGroup;
			children = (
				8895C6322BA617BB00F7C28A /* AuthError.swift */,
				8895C6332BA617BB00F7C28A /* AuthScreen.swift */,
			);
			path = Model;
			sourceTree = "<group>";
		};
		8895C63A2BA6247500F7C28A /* Settings */ = {
			isa = PBXGroup;
			children = (
				88A64BB82BA630F70048259D /* AboutView.swift */,
				88A64BB92BA630F80048259D /* FeedbackView.swift */,
				88A6EEAE2BC2E1B4004CD9C9 /* SettingsView.swift */,
				88A64BB62BA630F70048259D /* Subviews */,
				884826332BABA3BF000D3E95 /* Model */,
			);
			path = Settings;
			sourceTree = "<group>";
		};
		88A64BB62BA630F70048259D /* Subviews */ = {
			isa = PBXGroup;
			children = (
				88A64BB42BA630F70048259D /* PlaceholderText.swift */,
				884826222BAB8FA0000D3E95 /* SettingsLabel.swift */,
			);
			path = Subviews;
			sourceTree = "<group>";
		};
		88A64BC52BA63F8D0048259D /* PostReplies */ = {
			isa = PBXGroup;
			children = (
				88A64BC82BA640680048259D /* ReplyView.swift */,
				8895C5D42BA6102F00F7C28A /* ReplyViewModel.swift */,
			);
			path = PostReplies;
			sourceTree = "<group>";
		};
/* End PBXGroup section */

/* Begin PBXNativeTarget section */
		8895C4DA2BA5F10000F7C28A /* SocialMedia */ = {
			isa = PBXNativeTarget;
			buildConfigurationList = 8895C4FF2BA5F10200F7C28A /* Build configuration list for PBXNativeTarget "SocialMedia" */;
			buildPhases = (
				8895C4D72BA5F10000F7C28A /* Sources */,
				8895C4D82BA5F10000F7C28A /* Frameworks */,
				8895C4D92BA5F10000F7C28A /* Resources */,
				8895C5922BA60CE400F7C28A /* Embed Frameworks */,
			);
			buildRules = (
			);
			dependencies = (
			);
			name = SocialMedia;
			packageProductDependencies = (
				DD8C2E4E2BCBCFB1001123AF /* SocialMediaUI */,
				DD8C2E512BCBD225001123AF /* SocialMediaNetwork */,
			);
			productName = SocialMedia;
			productReference = 8895C4DB2BA5F10000F7C28A /* SocialMedia.app */;
			productType = "com.apple.product-type.application";
		};
		8895C4EA2BA5F10100F7C28A /* SocialMediaTests */ = {
			isa = PBXNativeTarget;
			buildConfigurationList = 8895C5022BA5F10200F7C28A /* Build configuration list for PBXNativeTarget "SocialMediaTests" */;
			buildPhases = (
				8895C4E72BA5F10100F7C28A /* Sources */,
				8895C4E82BA5F10100F7C28A /* Frameworks */,
				8895C4E92BA5F10100F7C28A /* Resources */,
			);
			buildRules = (
			);
			dependencies = (
				8895C4ED2BA5F10100F7C28A /* PBXTargetDependency */,
			);
			name = SocialMediaTests;
			productName = SocialMediaTests;
			productReference = 8895C4EB2BA5F10100F7C28A /* SocialMediaTests.xctest */;
			productType = "com.apple.product-type.bundle.unit-test";
		};
		8895C4F42BA5F10200F7C28A /* SocialMediaUITests */ = {
			isa = PBXNativeTarget;
			buildConfigurationList = 8895C5052BA5F10200F7C28A /* Build configuration list for PBXNativeTarget "SocialMediaUITests" */;
			buildPhases = (
				8895C4F12BA5F10200F7C28A /* Sources */,
				8895C4F22BA5F10200F7C28A /* Frameworks */,
				8895C4F32BA5F10200F7C28A /* Resources */,
			);
			buildRules = (
			);
			dependencies = (
				8895C4F72BA5F10200F7C28A /* PBXTargetDependency */,
			);
			name = SocialMediaUITests;
			productName = SocialMediaUITests;
			productReference = 8895C4F52BA5F10200F7C28A /* SocialMediaUITests.xctest */;
			productType = "com.apple.product-type.bundle.ui-testing";
		};
/* End PBXNativeTarget section */

/* Begin PBXProject section */
		8895C4D32BA5F10000F7C28A /* Project object */ = {
			isa = PBXProject;
			attributes = {
				BuildIndependentTargetsInParallel = 1;
				LastSwiftUpdateCheck = 1530;
				LastUpgradeCheck = 1530;
				TargetAttributes = {
					8895C4DA2BA5F10000F7C28A = {
						CreatedOnToolsVersion = 15.3;
					};
					8895C4EA2BA5F10100F7C28A = {
						CreatedOnToolsVersion = 15.3;
						TestTargetID = 8895C4DA2BA5F10000F7C28A;
					};
					8895C4F42BA5F10200F7C28A = {
						CreatedOnToolsVersion = 15.3;
						TestTargetID = 8895C4DA2BA5F10000F7C28A;
					};
				};
			};
			buildConfigurationList = 8895C4D62BA5F10000F7C28A /* Build configuration list for PBXProject "SocialMedia" */;
			compatibilityVersion = "Xcode 14.0";
			developmentRegion = en;
			hasScannedForEncodings = 0;
			knownRegions = (
				en,
				Base,
			);
			mainGroup = 8895C4D22BA5F10000F7C28A;
			productRefGroup = 8895C4DC2BA5F10000F7C28A /* Products */;
			projectDirPath = "";
			projectRoot = "";
			targets = (
				8895C4DA2BA5F10000F7C28A /* SocialMedia */,
				8895C4EA2BA5F10100F7C28A /* SocialMediaTests */,
				8895C4F42BA5F10200F7C28A /* SocialMediaUITests */,
			);
		};
/* End PBXProject section */

/* Begin PBXResourcesBuildPhase section */
		8895C4D92BA5F10000F7C28A /* Resources */ = {
			isa = PBXResourcesBuildPhase;
			buildActionMask = 2147483647;
			files = (
				8895C4E62BA5F10100F7C28A /* Preview Assets.xcassets in Resources */,
				8895C4E32BA5F10100F7C28A /* Assets.xcassets in Resources */,
				88893C572BA657EB00662718 /* GoogleService-Info.plist in Resources */,
			);
			runOnlyForDeploymentPostprocessing = 0;
		};
		8895C4E92BA5F10100F7C28A /* Resources */ = {
			isa = PBXResourcesBuildPhase;
			buildActionMask = 2147483647;
			files = (
			);
			runOnlyForDeploymentPostprocessing = 0;
		};
		8895C4F32BA5F10200F7C28A /* Resources */ = {
			isa = PBXResourcesBuildPhase;
			buildActionMask = 2147483647;
			files = (
			);
			runOnlyForDeploymentPostprocessing = 0;
		};
/* End PBXResourcesBuildPhase section */

/* Begin PBXSourcesBuildPhase section */
		8895C4D72BA5F10000F7C28A /* Sources */ = {
			isa = PBXSourcesBuildPhase;
			buildActionMask = 2147483647;
			files = (
				8895C5B82BA60D5D00F7C28A /* PostGrid.swift in Sources */,
				8895C55A2BA5F85600F7C28A /* ProfileTabsContentView.swift in Sources */,
				8895C5B12BA60D5D00F7C28A /* PostCategoryViewModel.swift in Sources */,
				8895C5D72BA6102F00F7C28A /* ReplyViewModel.swift in Sources */,
				8895C5802BA6091200F7C28A /* EditableCircularProfileImage.swift in Sources */,
				8895C62E2BA6161600F7C28A /* ActivityRowView.swift in Sources */,
				8895C5D12BA60FB200F7C28A /* SearchViewModel.swift in Sources */,
				884826232BAB8FA0000D3E95 /* SettingsLabel.swift in Sources */,
				8895C5B52BA60D5D00F7C28A /* PostButton.swift in Sources */,
				8895C60E2BA612A400F7C28A /* FeedTabContainer.swift in Sources */,
				8895C57F2BA6091200F7C28A /* ProfileTabsViewModel.swift in Sources */,
				8895C4E12BA5F10000F7C28A /* ContentView.swift in Sources */,
				8895C5FE2BA6128500F7C28A /* AppTabView.swift in Sources */,
				8895C5AF2BA60D5D00F7C28A /* PostCategoryDetailView.swift in Sources */,
				8891EF452BBE736B0001A68C /* FollowingFeedView.swift in Sources */,
				88D20A652BB0ADB700E62054 /* AppSidebarList.swift in Sources */,
				883F64182BB4E5DB00C12811 /* UserLikedPostsViewModel.swift in Sources */,
				8895C61B2BA612B000F7C28A /* PostEditorView.swift in Sources */,
				88FA97A12BBB82CD005E940E /* SearchGridItem.swift in Sources */,
				8895C57D2BA6091200F7C28A /* ReplyGridItem.swift in Sources */,
				8895C6312BA6161600F7C28A /* ActivityViewModel.swift in Sources */,
				8848263B2BABACEC000D3E95 /* AppScreenRouter.swift in Sources */,
				88A6EEAF2BC2E1B4004CD9C9 /* SettingsView.swift in Sources */,
				8895C57A2BA6091200F7C28A /* ProfileCoordinator.swift in Sources */,
				8895C5892BA6091200F7C28A /* CurrentUserProfileHeaderModel.swift in Sources */,
				8895C5B92BA60D5D00F7C28A /* PostGridItem.swift in Sources */,
				8895C5EF2BA6121500F7C28A /* AuthTextField.swift in Sources */,
				8808ECE62BC47F4E008A2123 /* UserRelationsCoordinator.swift in Sources */,
				88721EA42BBC949C001B609A /* ActivityCoordinator.swift in Sources */,
				8895C5822BA6091200F7C28A /* EditProfileView.swift in Sources */,
				8895C5AD2BA60D5D00F7C28A /* SearchRow.swift in Sources */,
				8895C5F82BA6121500F7C28A /* ResetPasswordView.swift in Sources */,
				883F641A2BB4E5EE00C12811 /* UserSavedPostsView.swift in Sources */,
				88ADD1942BC0931500146E8B /* ContentCoordinator.swift in Sources */,
				8895C6302BA6161600F7C28A /* ActivityView.swift in Sources */,
				8895C5882BA6091200F7C28A /* UserRelationType.swift in Sources */,
				884826392BABAA6C000D3E95 /* AppScreen.swift in Sources */,
				8808ECE22BC46F24008A2123 /* UserRelationsTabsContainer.swift in Sources */,
				88721EA02BBC9387001B609A /* SearchViewRouter.swift in Sources */,
				8895C5D02BA60FB200F7C28A /* SearchView.swift in Sources */,
				884826372BABA4B9000D3E95 /* FeedFilter.swift in Sources */,
				8891DAB12BD559090028B19B /* UserRepliesViewModel.swift in Sources */,
				8895C60F2BA612A400F7C28A /* ForYouFeedViewModel.swift in Sources */,
				8895C5C32BA60E1300F7C28A /* PostDetailsView.swift in Sources */,
				88A6EEB32BC356DD004CD9C9 /* SearchItemViewModel.swift in Sources */,
				8895C62B2BA6161600F7C28A /* ActivityBadgeView.swift in Sources */,
				8895C5FC2BA6127200F7C28A /* ContentViewModel.swift in Sources */,
				8895C5F62BA6121500F7C28A /* RegistrationView.swift in Sources */,
				8895C5872BA6091200F7C28A /* UserRelationsViewModel.swift in Sources */,
				8895C61C2BA612B000F7C28A /* PostEditorViewModel.swift in Sources */,
				88721E9A2BBC89EA001B609A /* Array+Utilities.swift in Sources */,
				88721EA62BBC9802001B609A /* ProfileViewRouter.swift in Sources */,
				8895C5852BA6091200F7C28A /* UserProfileHeaderModel.swift in Sources */,
				88929B142BB4DBDC00BE7079 /* UserPostsViewModel.swift in Sources */,
				88B50ADF2BB1286B000B1081 /* PostButtonType.swift in Sources */,
				8808ECE42BC470C9008A2123 /* BrowserLayout.swift in Sources */,
				88A64BBF2BA630F80048259D /* FeedbackView.swift in Sources */,
				88A64BBE2BA630F80048259D /* AboutView.swift in Sources */,
				8895C4DF2BA5F10000F7C28A /* SocialMediaApp.swift in Sources */,
				8895C5F92BA6121500F7C28A /* ResetPasswordViewModel.swift in Sources */,
				8895C6352BA617BB00F7C28A /* AuthError.swift in Sources */,
				88D750522BC462DA003867A3 /* CategoryFilter.swift in Sources */,
				8895C5832BA6091200F7C28A /* ProfilePostFilter.swift in Sources */,
				88721E982BBC89DA001B609A /* Router.swift in Sources */,
				88D20A692BB0AECC00E62054 /* AppDetailColumn.swift in Sources */,
				8895C6362BA617BB00F7C28A /* AuthScreen.swift in Sources */,
				8848263F2BABB559000D3E95 /* NewPostCoordinator.swift in Sources */,
				88A64BC22BA632380048259D /* SettingsOption.swift in Sources */,
				8891EF432BBE735D0001A68C /* ForYouFeedView.swift in Sources */,
				8895C5DB2BA6105200F7C28A /* PostActionSheetOptions.swift in Sources */,
				88721EA32BBC949C001B609A /* ActivityViewRouter.swift in Sources */,
				8895C5F02BA6121500F7C28A /* LoginView.swift in Sources */,
				8895C5B62BA60D5D00F7C28A /* PostButtonGroupView.swift in Sources */,
				883F64162BB4E5C700C12811 /* UserLikedPostsView.swift in Sources */,
				8895C5B72BA60D5D00F7C28A /* PostButtonGroupViewModel.swift in Sources */,
				88929B122BB4DBB700BE7079 /* UserPostsView.swift in Sources */,
				8895C5862BA6091200F7C28A /* UserRelationsView.swift in Sources */,
				8891EF472BBE7E840001A68C /* FeedViewModel.swift in Sources */,
				8895C5812BA6091200F7C28A /* CircularProfileImageView.swift in Sources */,
				88721E932BBC85FD001B609A /* FeedCoordinator.swift in Sources */,
				88D750492BC45BE6003867A3 /* PreviewProvider.swift in Sources */,
				8895C5DC2BA6105200F7C28A /* PostActionSheetView.swift in Sources */,
				8895C62C2BA6161600F7C28A /* ActivityFilter.swift in Sources */,
				8895C5C22BA60E1300F7C28A /* PostDetailsViewModel.swift in Sources */,
				883F641C2BB4E5F600C12811 /* UserSavedPostsViewModel.swift in Sources */,
				88A64BBB2BA630F80048259D /* PlaceholderText.swift in Sources */,
				8895C5F12BA6121500F7C28A /* LoginViewModel.swift in Sources */,
				8891DAAF2BD558F80028B19B /* UserRepliesView.swift in Sources */,
				8895C5562BA5F7D800F7C28A /* ProfileTabsContainer.swift in Sources */,
				88A64BC92BA640680048259D /* ReplyView.swift in Sources */,
				883D58972BD3126800BFEEF5 /* ActivityRowViewModel.swift in Sources */,
				8895C57B2BA6091200F7C28A /* ProfileInputData.swift in Sources */,
				88721E9E2BBC936A001B609A /* SearchCoordinator.swift in Sources */,
				8895C5842BA6091200F7C28A /* UserProfileHeader.swift in Sources */,
				88D20A672BB0AE4D00E62054 /* PrefersTabNavigationEnvironmentKey.swift in Sources */,
				88FA979D2BBB5943005E940E /* SearchGrid.swift in Sources */,
				8848263D2BABAD08000D3E95 /* ModalScreenRouter.swift in Sources */,
				8891EF412BBE71980001A68C /* FollowingFeedViewModel.swift in Sources */,
				8895C5F72BA6121500F7C28A /* RegistrationViewModel.swift in Sources */,
				88A64BC02BA630F80048259D /* AboutSocialMedia.swift in Sources */,
				88E804772BBDF78600729A3D /* CurrentUserProfileHeader.swift in Sources */,
				88A64BC42BA632B50048259D /* AppSettings.swift in Sources */,
				8895C62D2BA6161600F7C28A /* ActivityFilterView.swift in Sources */,
				88721E952BBC8724001B609A /* FeedViewRouter.swift in Sources */,
			);
			runOnlyForDeploymentPostprocessing = 0;
		};
		8895C4E72BA5F10100F7C28A /* Sources */ = {
			isa = PBXSourcesBuildPhase;
			buildActionMask = 2147483647;
			files = (
				8895C4F02BA5F10100F7C28A /* SocialMediaTests.swift in Sources */,
			);
			runOnlyForDeploymentPostprocessing = 0;
		};
		8895C4F12BA5F10200F7C28A /* Sources */ = {
			isa = PBXSourcesBuildPhase;
			buildActionMask = 2147483647;
			files = (
				8895C4FC2BA5F10200F7C28A /* SocialMediaUITestsLaunchTests.swift in Sources */,
				8895C4FA2BA5F10200F7C28A /* SocialMediaUITests.swift in Sources */,
			);
			runOnlyForDeploymentPostprocessing = 0;
		};
/* End PBXSourcesBuildPhase section */

/* Begin PBXTargetDependency section */
		8895C4ED2BA5F10100F7C28A /* PBXTargetDependency */ = {
			isa = PBXTargetDependency;
			target = 8895C4DA2BA5F10000F7C28A /* SocialMedia */;
			targetProxy = 8895C4EC2BA5F10100F7C28A /* PBXContainerItemProxy */;
		};
		8895C4F72BA5F10200F7C28A /* PBXTargetDependency */ = {
			isa = PBXTargetDependency;
			target = 8895C4DA2BA5F10000F7C28A /* SocialMedia */;
			targetProxy = 8895C4F62BA5F10200F7C28A /* PBXContainerItemProxy */;
		};
/* End PBXTargetDependency section */

/* Begin XCBuildConfiguration section */
		8895C4FD2BA5F10200F7C28A /* Debug */ = {
			isa = XCBuildConfiguration;
			buildSettings = {
				ALWAYS_SEARCH_USER_PATHS = NO;
				ASSETCATALOG_COMPILER_GENERATE_SWIFT_ASSET_SYMBOL_EXTENSIONS = YES;
				CLANG_ANALYZER_NONNULL = YES;
				CLANG_ANALYZER_NUMBER_OBJECT_CONVERSION = YES_AGGRESSIVE;
				CLANG_CXX_LANGUAGE_STANDARD = "gnu++20";
				CLANG_ENABLE_MODULES = YES;
				CLANG_ENABLE_OBJC_ARC = YES;
				CLANG_ENABLE_OBJC_WEAK = YES;
				CLANG_WARN_BLOCK_CAPTURE_AUTORELEASING = YES;
				CLANG_WARN_BOOL_CONVERSION = YES;
				CLANG_WARN_COMMA = YES;
				CLANG_WARN_CONSTANT_CONVERSION = YES;
				CLANG_WARN_DEPRECATED_OBJC_IMPLEMENTATIONS = YES;
				CLANG_WARN_DIRECT_OBJC_ISA_USAGE = YES_ERROR;
				CLANG_WARN_DOCUMENTATION_COMMENTS = YES;
				CLANG_WARN_EMPTY_BODY = YES;
				CLANG_WARN_ENUM_CONVERSION = YES;
				CLANG_WARN_INFINITE_RECURSION = YES;
				CLANG_WARN_INT_CONVERSION = YES;
				CLANG_WARN_NON_LITERAL_NULL_CONVERSION = YES;
				CLANG_WARN_OBJC_IMPLICIT_RETAIN_SELF = YES;
				CLANG_WARN_OBJC_LITERAL_CONVERSION = YES;
				CLANG_WARN_OBJC_ROOT_CLASS = YES_ERROR;
				CLANG_WARN_QUOTED_INCLUDE_IN_FRAMEWORK_HEADER = YES;
				CLANG_WARN_RANGE_LOOP_ANALYSIS = YES;
				CLANG_WARN_STRICT_PROTOTYPES = YES;
				CLANG_WARN_SUSPICIOUS_MOVE = YES;
				CLANG_WARN_UNGUARDED_AVAILABILITY = YES_AGGRESSIVE;
				CLANG_WARN_UNREACHABLE_CODE = YES;
				CLANG_WARN__DUPLICATE_METHOD_MATCH = YES;
				COPY_PHASE_STRIP = NO;
				DEBUG_INFORMATION_FORMAT = dwarf;
				ENABLE_STRICT_OBJC_MSGSEND = YES;
				ENABLE_TESTABILITY = YES;
				ENABLE_USER_SCRIPT_SANDBOXING = YES;
				GCC_C_LANGUAGE_STANDARD = gnu17;
				GCC_DYNAMIC_NO_PIC = NO;
				GCC_NO_COMMON_BLOCKS = YES;
				GCC_OPTIMIZATION_LEVEL = 0;
				GCC_PREPROCESSOR_DEFINITIONS = (
					"DEBUG=1",
					"$(inherited)",
				);
				GCC_WARN_64_TO_32_BIT_CONVERSION = YES;
				GCC_WARN_ABOUT_RETURN_TYPE = YES_ERROR;
				GCC_WARN_UNDECLARED_SELECTOR = YES;
				GCC_WARN_UNINITIALIZED_AUTOS = YES_AGGRESSIVE;
				GCC_WARN_UNUSED_FUNCTION = YES;
				GCC_WARN_UNUSED_VARIABLE = YES;
				IPHONEOS_DEPLOYMENT_TARGET = 17.4;
				LOCALIZATION_PREFERS_STRING_CATALOGS = YES;
				MTL_ENABLE_DEBUG_INFO = INCLUDE_SOURCE;
				MTL_FAST_MATH = YES;
				ONLY_ACTIVE_ARCH = YES;
				SDKROOT = iphoneos;
				SWIFT_ACTIVE_COMPILATION_CONDITIONS = "DEBUG $(inherited)";
				SWIFT_OPTIMIZATION_LEVEL = "-Onone";
			};
			name = Debug;
		};
		8895C4FE2BA5F10200F7C28A /* Release */ = {
			isa = XCBuildConfiguration;
			buildSettings = {
				ALWAYS_SEARCH_USER_PATHS = NO;
				ASSETCATALOG_COMPILER_GENERATE_SWIFT_ASSET_SYMBOL_EXTENSIONS = YES;
				CLANG_ANALYZER_NONNULL = YES;
				CLANG_ANALYZER_NUMBER_OBJECT_CONVERSION = YES_AGGRESSIVE;
				CLANG_CXX_LANGUAGE_STANDARD = "gnu++20";
				CLANG_ENABLE_MODULES = YES;
				CLANG_ENABLE_OBJC_ARC = YES;
				CLANG_ENABLE_OBJC_WEAK = YES;
				CLANG_WARN_BLOCK_CAPTURE_AUTORELEASING = YES;
				CLANG_WARN_BOOL_CONVERSION = YES;
				CLANG_WARN_COMMA = YES;
				CLANG_WARN_CONSTANT_CONVERSION = YES;
				CLANG_WARN_DEPRECATED_OBJC_IMPLEMENTATIONS = YES;
				CLANG_WARN_DIRECT_OBJC_ISA_USAGE = YES_ERROR;
				CLANG_WARN_DOCUMENTATION_COMMENTS = YES;
				CLANG_WARN_EMPTY_BODY = YES;
				CLANG_WARN_ENUM_CONVERSION = YES;
				CLANG_WARN_INFINITE_RECURSION = YES;
				CLANG_WARN_INT_CONVERSION = YES;
				CLANG_WARN_NON_LITERAL_NULL_CONVERSION = YES;
				CLANG_WARN_OBJC_IMPLICIT_RETAIN_SELF = YES;
				CLANG_WARN_OBJC_LITERAL_CONVERSION = YES;
				CLANG_WARN_OBJC_ROOT_CLASS = YES_ERROR;
				CLANG_WARN_QUOTED_INCLUDE_IN_FRAMEWORK_HEADER = YES;
				CLANG_WARN_RANGE_LOOP_ANALYSIS = YES;
				CLANG_WARN_STRICT_PROTOTYPES = YES;
				CLANG_WARN_SUSPICIOUS_MOVE = YES;
				CLANG_WARN_UNGUARDED_AVAILABILITY = YES_AGGRESSIVE;
				CLANG_WARN_UNREACHABLE_CODE = YES;
				CLANG_WARN__DUPLICATE_METHOD_MATCH = YES;
				COPY_PHASE_STRIP = NO;
				DEBUG_INFORMATION_FORMAT = "dwarf-with-dsym";
				ENABLE_NS_ASSERTIONS = NO;
				ENABLE_STRICT_OBJC_MSGSEND = YES;
				ENABLE_USER_SCRIPT_SANDBOXING = YES;
				GCC_C_LANGUAGE_STANDARD = gnu17;
				GCC_NO_COMMON_BLOCKS = YES;
				GCC_WARN_64_TO_32_BIT_CONVERSION = YES;
				GCC_WARN_ABOUT_RETURN_TYPE = YES_ERROR;
				GCC_WARN_UNDECLARED_SELECTOR = YES;
				GCC_WARN_UNINITIALIZED_AUTOS = YES_AGGRESSIVE;
				GCC_WARN_UNUSED_FUNCTION = YES;
				GCC_WARN_UNUSED_VARIABLE = YES;
				IPHONEOS_DEPLOYMENT_TARGET = 17.4;
				LOCALIZATION_PREFERS_STRING_CATALOGS = YES;
				MTL_ENABLE_DEBUG_INFO = NO;
				MTL_FAST_MATH = YES;
				SDKROOT = iphoneos;
				SWIFT_COMPILATION_MODE = wholemodule;
				VALIDATE_PRODUCT = YES;
			};
			name = Release;
		};
		8895C5002BA5F10200F7C28A /* Debug */ = {
			isa = XCBuildConfiguration;
			buildSettings = {
				ASSETCATALOG_COMPILER_APPICON_NAME = AppIcon;
				ASSETCATALOG_COMPILER_GLOBAL_ACCENT_COLOR_NAME = AccentColor;
				CODE_SIGN_ENTITLEMENTS = SocialMedia/SocialMedia.entitlements;
				CODE_SIGN_STYLE = Automatic;
				CURRENT_PROJECT_VERSION = 1;
				DEVELOPMENT_ASSET_PATHS = "SocialMedia/Resources/Preview\\ Content";
				DEVELOPMENT_TEAM = "";
				ENABLE_PREVIEWS = YES;
				GENERATE_INFOPLIST_FILE = YES;
				INFOPLIST_FILE = SocialMedia/Info.plist;
				INFOPLIST_KEY_LSApplicationCategoryType = "public.app-category.social-networking";
				INFOPLIST_KEY_UIApplicationSceneManifest_Generation = YES;
				INFOPLIST_KEY_UIApplicationSupportsIndirectInputEvents = YES;
				INFOPLIST_KEY_UILaunchScreen_Generation = YES;
				INFOPLIST_KEY_UISupportedInterfaceOrientations_iPad = "UIInterfaceOrientationPortrait UIInterfaceOrientationPortraitUpsideDown UIInterfaceOrientationLandscapeLeft UIInterfaceOrientationLandscapeRight";
				INFOPLIST_KEY_UISupportedInterfaceOrientations_iPhone = "UIInterfaceOrientationPortrait UIInterfaceOrientationLandscapeLeft UIInterfaceOrientationLandscapeRight";
				IPHONEOS_DEPLOYMENT_TARGET = 17.0;
				LD_RUNPATH_SEARCH_PATHS = (
					"$(inherited)",
					"@executable_path/Frameworks",
				);
				MACOSX_DEPLOYMENT_TARGET = 14.3;
				MARKETING_VERSION = 1.2.6;
				PRODUCT_BUNDLE_IDENTIFIER = com.team.SocialMedia;
				PRODUCT_NAME = "$(TARGET_NAME)";
				SUPPORTED_PLATFORMS = "iphoneos iphonesimulator macosx xros xrsimulator";
				SUPPORTS_MACCATALYST = NO;
				SUPPORTS_MAC_DESIGNED_FOR_IPHONE_IPAD = NO;
				SUPPORTS_XR_DESIGNED_FOR_IPHONE_IPAD = NO;
				SWIFT_EMIT_LOC_STRINGS = YES;
				SWIFT_VERSION = 5.0;
				TARGETED_DEVICE_FAMILY = "1,2,7";
			};
			name = Debug;
		};
		8895C5012BA5F10200F7C28A /* Release */ = {
			isa = XCBuildConfiguration;
			buildSettings = {
				ASSETCATALOG_COMPILER_APPICON_NAME = AppIcon;
				ASSETCATALOG_COMPILER_GLOBAL_ACCENT_COLOR_NAME = AccentColor;
				CODE_SIGN_ENTITLEMENTS = SocialMedia/SocialMedia.entitlements;
				CODE_SIGN_STYLE = Automatic;
				CURRENT_PROJECT_VERSION = 1;
				DEVELOPMENT_ASSET_PATHS = "SocialMedia/Resources/Preview\\ Content";
				DEVELOPMENT_TEAM = "";
				ENABLE_PREVIEWS = YES;
				GENERATE_INFOPLIST_FILE = YES;
				INFOPLIST_FILE = SocialMedia/Info.plist;
				INFOPLIST_KEY_LSApplicationCategoryType = "public.app-category.social-networking";
				INFOPLIST_KEY_UIApplicationSceneManifest_Generation = YES;
				INFOPLIST_KEY_UIApplicationSupportsIndirectInputEvents = YES;
				INFOPLIST_KEY_UILaunchScreen_Generation = YES;
				INFOPLIST_KEY_UISupportedInterfaceOrientations_iPad = "UIInterfaceOrientationPortrait UIInterfaceOrientationPortraitUpsideDown UIInterfaceOrientationLandscapeLeft UIInterfaceOrientationLandscapeRight";
				INFOPLIST_KEY_UISupportedInterfaceOrientations_iPhone = "UIInterfaceOrientationPortrait UIInterfaceOrientationLandscapeLeft UIInterfaceOrientationLandscapeRight";
				IPHONEOS_DEPLOYMENT_TARGET = 17.0;
				LD_RUNPATH_SEARCH_PATHS = (
					"$(inherited)",
					"@executable_path/Frameworks",
				);
				MACOSX_DEPLOYMENT_TARGET = 14.3;
				MARKETING_VERSION = 1.2.6;
				PRODUCT_BUNDLE_IDENTIFIER = com.team.SocialMedia;
				PRODUCT_NAME = "$(TARGET_NAME)";
				SUPPORTED_PLATFORMS = "iphoneos iphonesimulator macosx xros xrsimulator";
				SUPPORTS_MACCATALYST = NO;
				SUPPORTS_MAC_DESIGNED_FOR_IPHONE_IPAD = NO;
				SUPPORTS_XR_DESIGNED_FOR_IPHONE_IPAD = NO;
				SWIFT_EMIT_LOC_STRINGS = YES;
				SWIFT_VERSION = 5.0;
				TARGETED_DEVICE_FAMILY = "1,2,7";
			};
			name = Release;
		};
		8895C5032BA5F10200F7C28A /* Debug */ = {
			isa = XCBuildConfiguration;
			buildSettings = {
				ALWAYS_EMBED_SWIFT_STANDARD_LIBRARIES = YES;
				BUNDLE_LOADER = "$(TEST_HOST)";
				CODE_SIGN_STYLE = Automatic;
				CURRENT_PROJECT_VERSION = 1;
				GENERATE_INFOPLIST_FILE = YES;
				IPHONEOS_DEPLOYMENT_TARGET = 17.4;
				MARKETING_VERSION = 1.0;
				PRODUCT_BUNDLE_IDENTIFIER = com.team.SocialMediaTests;
				PRODUCT_NAME = "$(TARGET_NAME)";
				SUPPORTED_PLATFORMS = "iphoneos iphonesimulator macosx watchos watchsimulator xros xrsimulator";
				SUPPORTS_MACCATALYST = NO;
				SUPPORTS_MAC_DESIGNED_FOR_IPHONE_IPAD = NO;
				SUPPORTS_XR_DESIGNED_FOR_IPHONE_IPAD = NO;
				SWIFT_EMIT_LOC_STRINGS = NO;
				SWIFT_VERSION = 5.0;
				TARGETED_DEVICE_FAMILY = "1,2,4,7";
				TEST_HOST = "$(BUILT_PRODUCTS_DIR)/SocialMedia.app/$(BUNDLE_EXECUTABLE_FOLDER_PATH)/SocialMedia";
			};
			name = Debug;
		};
		8895C5042BA5F10200F7C28A /* Release */ = {
			isa = XCBuildConfiguration;
			buildSettings = {
				ALWAYS_EMBED_SWIFT_STANDARD_LIBRARIES = YES;
				BUNDLE_LOADER = "$(TEST_HOST)";
				CODE_SIGN_STYLE = Automatic;
				CURRENT_PROJECT_VERSION = 1;
				GENERATE_INFOPLIST_FILE = YES;
				IPHONEOS_DEPLOYMENT_TARGET = 17.4;
				MARKETING_VERSION = 1.0;
				PRODUCT_BUNDLE_IDENTIFIER = com.team.SocialMediaTests;
				PRODUCT_NAME = "$(TARGET_NAME)";
				SUPPORTED_PLATFORMS = "iphoneos iphonesimulator macosx watchos watchsimulator xros xrsimulator";
				SUPPORTS_MACCATALYST = NO;
				SUPPORTS_MAC_DESIGNED_FOR_IPHONE_IPAD = NO;
				SUPPORTS_XR_DESIGNED_FOR_IPHONE_IPAD = NO;
				SWIFT_EMIT_LOC_STRINGS = NO;
				SWIFT_VERSION = 5.0;
				TARGETED_DEVICE_FAMILY = "1,2,4,7";
				TEST_HOST = "$(BUILT_PRODUCTS_DIR)/SocialMedia.app/$(BUNDLE_EXECUTABLE_FOLDER_PATH)/SocialMedia";
			};
			name = Release;
		};
		8895C5062BA5F10200F7C28A /* Debug */ = {
			isa = XCBuildConfiguration;
			buildSettings = {
				ALWAYS_EMBED_SWIFT_STANDARD_LIBRARIES = YES;
				CODE_SIGN_STYLE = Automatic;
				CURRENT_PROJECT_VERSION = 1;
				GENERATE_INFOPLIST_FILE = YES;
				MARKETING_VERSION = 1.0;
				PRODUCT_BUNDLE_IDENTIFIER = com.team.SocialMediaUITests;
				PRODUCT_NAME = "$(TARGET_NAME)";
				SUPPORTED_PLATFORMS = "iphoneos iphonesimulator macosx watchos watchsimulator xros xrsimulator";
				SUPPORTS_MACCATALYST = NO;
				SUPPORTS_MAC_DESIGNED_FOR_IPHONE_IPAD = NO;
				SUPPORTS_XR_DESIGNED_FOR_IPHONE_IPAD = NO;
				SWIFT_EMIT_LOC_STRINGS = NO;
				SWIFT_VERSION = 5.0;
				TARGETED_DEVICE_FAMILY = "1,2,4,7";
				TEST_TARGET_NAME = SocialMedia;
			};
			name = Debug;
		};
		8895C5072BA5F10200F7C28A /* Release */ = {
			isa = XCBuildConfiguration;
			buildSettings = {
				ALWAYS_EMBED_SWIFT_STANDARD_LIBRARIES = YES;
				CODE_SIGN_STYLE = Automatic;
				CURRENT_PROJECT_VERSION = 1;
				GENERATE_INFOPLIST_FILE = YES;
				MARKETING_VERSION = 1.0;
				PRODUCT_BUNDLE_IDENTIFIER = com.team.SocialMediaUITests;
				PRODUCT_NAME = "$(TARGET_NAME)";
				SUPPORTED_PLATFORMS = "iphoneos iphonesimulator macosx watchos watchsimulator xros xrsimulator";
				SUPPORTS_MACCATALYST = NO;
				SUPPORTS_MAC_DESIGNED_FOR_IPHONE_IPAD = NO;
				SUPPORTS_XR_DESIGNED_FOR_IPHONE_IPAD = NO;
				SWIFT_EMIT_LOC_STRINGS = NO;
				SWIFT_VERSION = 5.0;
				TARGETED_DEVICE_FAMILY = "1,2,4,7";
				TEST_TARGET_NAME = SocialMedia;
			};
			name = Release;
		};
/* End XCBuildConfiguration section */

/* Begin XCConfigurationList section */
		8895C4D62BA5F10000F7C28A /* Build configuration list for PBXProject "SocialMedia" */ = {
			isa = XCConfigurationList;
			buildConfigurations = (
				8895C4FD2BA5F10200F7C28A /* Debug */,
				8895C4FE2BA5F10200F7C28A /* Release */,
			);
			defaultConfigurationIsVisible = 0;
			defaultConfigurationName = Release;
		};
		8895C4FF2BA5F10200F7C28A /* Build configuration list for PBXNativeTarget "SocialMedia" */ = {
			isa = XCConfigurationList;
			buildConfigurations = (
				8895C5002BA5F10200F7C28A /* Debug */,
				8895C5012BA5F10200F7C28A /* Release */,
			);
			defaultConfigurationIsVisible = 0;
			defaultConfigurationName = Release;
		};
		8895C5022BA5F10200F7C28A /* Build configuration list for PBXNativeTarget "SocialMediaTests" */ = {
			isa = XCConfigurationList;
			buildConfigurations = (
				8895C5032BA5F10200F7C28A /* Debug */,
				8895C5042BA5F10200F7C28A /* Release */,
			);
			defaultConfigurationIsVisible = 0;
			defaultConfigurationName = Release;
		};
		8895C5052BA5F10200F7C28A /* Build configuration list for PBXNativeTarget "SocialMediaUITests" */ = {
			isa = XCConfigurationList;
			buildConfigurations = (
				8895C5062BA5F10200F7C28A /* Debug */,
				8895C5072BA5F10200F7C28A /* Release */,
			);
			defaultConfigurationIsVisible = 0;
			defaultConfigurationName = Release;
		};
/* End XCConfigurationList section */

/* Begin XCSwiftPackageProductDependency section */
		DD8C2E4E2BCBCFB1001123AF /* SocialMediaUI */ = {
			isa = XCSwiftPackageProductDependency;
			productName = SocialMediaUI;
		};
		DD8C2E512BCBD225001123AF /* SocialMediaNetwork */ = {
			isa = XCSwiftPackageProductDependency;
			productName = SocialMediaNetwork;
		};
/* End XCSwiftPackageProductDependency section */
	};
	rootObject = 8895C4D32BA5F10000F7C28A /* Project object */;
}
